// !$*UTF8*$!
{
	archiveVersion = 1;
	classes = {
	};
	objectVersion = 56;
	objects = {

/* Begin PBXBuildFile section */
		C813439A2A47E5D700F685F8 /* UIViewController_Extension.swift in Sources */ = {isa = PBXBuildFile; fileRef = C81343992A47E5D700F685F8 /* UIViewController_Extension.swift */; };
		C831F7C62A4592AA004A9A6F /* ChatViewController.swift in Sources */ = {isa = PBXBuildFile; fileRef = C831F7C52A4592AA004A9A6F /* ChatViewController.swift */; };
		C831F7C82A459CAC004A9A6F /* ChatRoomTableViewCell.swift in Sources */ = {isa = PBXBuildFile; fileRef = C831F7C72A459CAC004A9A6F /* ChatRoomTableViewCell.swift */; };
		C840F45B2A3F6F7B000604E6 /* FirebaseModel.swift in Sources */ = {isa = PBXBuildFile; fileRef = C840F45A2A3F6F7B000604E6 /* FirebaseModel.swift */; };
		C8499F412A4009E00019D83F /* GoogleService-Info.plist in Resources */ = {isa = PBXBuildFile; fileRef = C8499F402A4009E00019D83F /* GoogleService-Info.plist */; };
		C8499F432A4093B60019D83F /* DialogAnnotationView.swift in Sources */ = {isa = PBXBuildFile; fileRef = C8499F422A4093B60019D83F /* DialogAnnotationView.swift */; };
		C8A6CBDB2A3D99B90089ED5C /* IdentifiablePlace.swift in Sources */ = {isa = PBXBuildFile; fileRef = C8A6CBDA2A3D99B90089ED5C /* IdentifiablePlace.swift */; };
		C8A6CBDD2A3D9EA90089ED5C /* CustomAnnotationView.swift in Sources */ = {isa = PBXBuildFile; fileRef = C8A6CBDC2A3D9EA90089ED5C /* CustomAnnotationView.swift */; };
		C8ABD8412A43EA1400B76ADC /* UserMeChatTableViewCell.swift in Sources */ = {isa = PBXBuildFile; fileRef = C8ABD8402A43EA1400B76ADC /* UserMeChatTableViewCell.swift */; };
		C8ABD8432A43EA5800B76ADC /* UserTheOtherTableViewCell.swift in Sources */ = {isa = PBXBuildFile; fileRef = C8ABD8422A43EA5800B76ADC /* UserTheOtherTableViewCell.swift */; };
		C8ABD8452A43FCA100B76ADC /* MessageTypeTextField.swift in Sources */ = {isa = PBXBuildFile; fileRef = C8ABD8442A43FCA100B76ADC /* MessageTypeTextField.swift */; };
		C8ADBC292A3C6A730085BAD3 /* LocationMessageViewController.swift in Sources */ = {isa = PBXBuildFile; fileRef = C8ADBC282A3C6A730085BAD3 /* LocationMessageViewController.swift */; };
		C8AE775C2A3F0EE40027CB0D /* PostTagViewController.swift in Sources */ = {isa = PBXBuildFile; fileRef = C8AE775B2A3F0EE40027CB0D /* PostTagViewController.swift */; };
		C8AE775E2A3F4D760027CB0D /* TagButton.swift in Sources */ = {isa = PBXBuildFile; fileRef = C8AE775D2A3F4D760027CB0D /* TagButton.swift */; };
		C8AF2DB32A41430900B703E8 /* InsideMessageAnnotation.swift in Sources */ = {isa = PBXBuildFile; fileRef = C8AF2DB22A41430900B703E8 /* InsideMessageAnnotation.swift */; };
		C8AF2DB52A4145A300B703E8 /* OutsideMessageAnnotation.swift in Sources */ = {isa = PBXBuildFile; fileRef = C8AF2DB42A4145A300B703E8 /* OutsideMessageAnnotation.swift */; };
		C8AF2DB72A414EB900B703E8 /* MeAnnotationView.swift in Sources */ = {isa = PBXBuildFile; fileRef = C8AF2DB62A414EB900B703E8 /* MeAnnotationView.swift */; };
		C8AF2DBB2A415BBF00B703E8 /* OtherUsersAnnotationView.swift in Sources */ = {isa = PBXBuildFile; fileRef = C8AF2DBA2A415BBF00B703E8 /* OtherUsersAnnotationView.swift */; };
		C8AF2DBD2A415DE300B703E8 /* OtherUsersAnnotation.swift in Sources */ = {isa = PBXBuildFile; fileRef = C8AF2DBC2A415DE300B703E8 /* OtherUsersAnnotation.swift */; };
		C8BAE6DF2A45D57300ED6941 /* SearchBarTableHeaderView.swift in Sources */ = {isa = PBXBuildFile; fileRef = C8BAE6DE2A45D57300ED6941 /* SearchBarTableHeaderView.swift */; };
		C8BAE6E22A464BE600ED6941 /* SignInUpViewController.swift in Sources */ = {isa = PBXBuildFile; fileRef = C8BAE6E12A464BE600ED6941 /* SignInUpViewController.swift */; };
		C8C4DD4F2A3AE3C90037B4F5 /* ChatRoomViewController.swift in Sources */ = {isa = PBXBuildFile; fileRef = C8C4DD4E2A3AE3C90037B4F5 /* ChatRoomViewController.swift */; };
		C8C4DD512A3AE3F30037B4F5 /* PostViewController.swift in Sources */ = {isa = PBXBuildFile; fileRef = C8C4DD502A3AE3F30037B4F5 /* PostViewController.swift */; };
		C8C4DD532A3AE4020037B4F5 /* ProfileViewController.swift in Sources */ = {isa = PBXBuildFile; fileRef = C8C4DD522A3AE4020037B4F5 /* ProfileViewController.swift */; };
		C8C72C242A39DA350025E693 /* AppDelegate.swift in Sources */ = {isa = PBXBuildFile; fileRef = C8C72C232A39DA350025E693 /* AppDelegate.swift */; };
		C8C72C262A39DA350025E693 /* SceneDelegate.swift in Sources */ = {isa = PBXBuildFile; fileRef = C8C72C252A39DA350025E693 /* SceneDelegate.swift */; };
		C8C72C282A39DA350025E693 /* HomePageViewController.swift in Sources */ = {isa = PBXBuildFile; fileRef = C8C72C272A39DA350025E693 /* HomePageViewController.swift */; };
		C8C72C2B2A39DA350025E693 /* Main.storyboard in Resources */ = {isa = PBXBuildFile; fileRef = C8C72C292A39DA350025E693 /* Main.storyboard */; };
		C8C72C2D2A39DA360025E693 /* Assets.xcassets in Resources */ = {isa = PBXBuildFile; fileRef = C8C72C2C2A39DA360025E693 /* Assets.xcassets */; };
		C8C72C302A39DA360025E693 /* LaunchScreen.storyboard in Resources */ = {isa = PBXBuildFile; fileRef = C8C72C2E2A39DA360025E693 /* LaunchScreen.storyboard */; };
		C8CC88C32A3D3FEE0090DD86 /* NearbyUsersViewController.swift in Sources */ = {isa = PBXBuildFile; fileRef = C8CC88C22A3D3FEE0090DD86 /* NearbyUsersViewController.swift */; };
		C8F5B3152A41B6E200478D2E /* MeAnnotation.swift in Sources */ = {isa = PBXBuildFile; fileRef = C8F5B3142A41B6E200478D2E /* MeAnnotation.swift */; };
		DC450CD07D10418D1E75917C /* Pods_Murmur.framework in Frameworks */ = {isa = PBXBuildFile; fileRef = BFED62B540DE4FED81F92323 /* Pods_Murmur.framework */; };
/* End PBXBuildFile section */

/* Begin PBXFileReference section */
		BFED62B540DE4FED81F92323 /* Pods_Murmur.framework */ = {isa = PBXFileReference; explicitFileType = wrapper.framework; includeInIndex = 0; path = Pods_Murmur.framework; sourceTree = BUILT_PRODUCTS_DIR; };
		C81343992A47E5D700F685F8 /* UIViewController_Extension.swift */ = {isa = PBXFileReference; lastKnownFileType = sourcecode.swift; path = UIViewController_Extension.swift; sourceTree = "<group>"; };
		C831F7C52A4592AA004A9A6F /* ChatViewController.swift */ = {isa = PBXFileReference; lastKnownFileType = sourcecode.swift; path = ChatViewController.swift; sourceTree = "<group>"; };
		C831F7C72A459CAC004A9A6F /* ChatRoomTableViewCell.swift */ = {isa = PBXFileReference; lastKnownFileType = sourcecode.swift; path = ChatRoomTableViewCell.swift; sourceTree = "<group>"; };
		C840F45A2A3F6F7B000604E6 /* FirebaseModel.swift */ = {isa = PBXFileReference; lastKnownFileType = sourcecode.swift; path = FirebaseModel.swift; sourceTree = "<group>"; };
		C8499F402A4009E00019D83F /* GoogleService-Info.plist */ = {isa = PBXFileReference; fileEncoding = 4; lastKnownFileType = text.plist.xml; path = "GoogleService-Info.plist"; sourceTree = "<group>"; };
		C8499F422A4093B60019D83F /* DialogAnnotationView.swift */ = {isa = PBXFileReference; lastKnownFileType = sourcecode.swift; path = DialogAnnotationView.swift; sourceTree = "<group>"; };
		C8A6CBDA2A3D99B90089ED5C /* IdentifiablePlace.swift */ = {isa = PBXFileReference; lastKnownFileType = sourcecode.swift; path = IdentifiablePlace.swift; sourceTree = "<group>"; };
		C8A6CBDC2A3D9EA90089ED5C /* CustomAnnotationView.swift */ = {isa = PBXFileReference; lastKnownFileType = sourcecode.swift; path = CustomAnnotationView.swift; sourceTree = "<group>"; };
		C8ABD8402A43EA1400B76ADC /* UserMeChatTableViewCell.swift */ = {isa = PBXFileReference; lastKnownFileType = sourcecode.swift; name = UserMeChatTableViewCell.swift; path = "Murmur/Chat Page/UserMeChatTableViewCell.swift"; sourceTree = SOURCE_ROOT; };
		C8ABD8422A43EA5800B76ADC /* UserTheOtherTableViewCell.swift */ = {isa = PBXFileReference; lastKnownFileType = sourcecode.swift; path = UserTheOtherTableViewCell.swift; sourceTree = "<group>"; };
		C8ABD8442A43FCA100B76ADC /* MessageTypeTextField.swift */ = {isa = PBXFileReference; lastKnownFileType = sourcecode.swift; path = MessageTypeTextField.swift; sourceTree = "<group>"; };
		C8ADBC282A3C6A730085BAD3 /* LocationMessageViewController.swift */ = {isa = PBXFileReference; lastKnownFileType = sourcecode.swift; path = LocationMessageViewController.swift; sourceTree = "<group>"; };
		C8AE775B2A3F0EE40027CB0D /* PostTagViewController.swift */ = {isa = PBXFileReference; lastKnownFileType = sourcecode.swift; path = PostTagViewController.swift; sourceTree = "<group>"; };
		C8AE775D2A3F4D760027CB0D /* TagButton.swift */ = {isa = PBXFileReference; lastKnownFileType = sourcecode.swift; name = TagButton.swift; path = Murmur/Model/TagButton.swift; sourceTree = SOURCE_ROOT; };
		C8AF2DB22A41430900B703E8 /* InsideMessageAnnotation.swift */ = {isa = PBXFileReference; lastKnownFileType = sourcecode.swift; path = InsideMessageAnnotation.swift; sourceTree = "<group>"; };
		C8AF2DB42A4145A300B703E8 /* OutsideMessageAnnotation.swift */ = {isa = PBXFileReference; lastKnownFileType = sourcecode.swift; path = OutsideMessageAnnotation.swift; sourceTree = "<group>"; };
		C8AF2DB62A414EB900B703E8 /* MeAnnotationView.swift */ = {isa = PBXFileReference; lastKnownFileType = sourcecode.swift; path = MeAnnotationView.swift; sourceTree = "<group>"; };
		C8AF2DBA2A415BBF00B703E8 /* OtherUsersAnnotationView.swift */ = {isa = PBXFileReference; lastKnownFileType = sourcecode.swift; path = OtherUsersAnnotationView.swift; sourceTree = "<group>"; };
		C8AF2DBC2A415DE300B703E8 /* OtherUsersAnnotation.swift */ = {isa = PBXFileReference; lastKnownFileType = sourcecode.swift; path = OtherUsersAnnotation.swift; sourceTree = "<group>"; };
		C8BAE6DE2A45D57300ED6941 /* SearchBarTableHeaderView.swift */ = {isa = PBXFileReference; lastKnownFileType = sourcecode.swift; name = SearchBarTableHeaderView.swift; path = Murmur/Model/SearchBarTableHeaderView.swift; sourceTree = SOURCE_ROOT; };
		C8BAE6E12A464BE600ED6941 /* SignInUpViewController.swift */ = {isa = PBXFileReference; lastKnownFileType = sourcecode.swift; path = SignInUpViewController.swift; sourceTree = "<group>"; };
		C8C4DD4D2A3AC1F60037B4F5 /* Murmur.app */ = {isa = PBXFileReference; explicitFileType = wrapper.application; includeInIndex = 0; path = Murmur.app; sourceTree = BUILT_PRODUCTS_DIR; };
		C8C4DD4E2A3AE3C90037B4F5 /* ChatRoomViewController.swift */ = {isa = PBXFileReference; lastKnownFileType = sourcecode.swift; path = ChatRoomViewController.swift; sourceTree = "<group>"; };
		C8C4DD502A3AE3F30037B4F5 /* PostViewController.swift */ = {isa = PBXFileReference; lastKnownFileType = sourcecode.swift; path = PostViewController.swift; sourceTree = "<group>"; };
		C8C4DD522A3AE4020037B4F5 /* ProfileViewController.swift */ = {isa = PBXFileReference; lastKnownFileType = sourcecode.swift; path = ProfileViewController.swift; sourceTree = "<group>"; };
		C8C72C232A39DA350025E693 /* AppDelegate.swift */ = {isa = PBXFileReference; lastKnownFileType = sourcecode.swift; path = AppDelegate.swift; sourceTree = "<group>"; };
		C8C72C252A39DA350025E693 /* SceneDelegate.swift */ = {isa = PBXFileReference; lastKnownFileType = sourcecode.swift; path = SceneDelegate.swift; sourceTree = "<group>"; };
		C8C72C272A39DA350025E693 /* HomePageViewController.swift */ = {isa = PBXFileReference; lastKnownFileType = sourcecode.swift; path = HomePageViewController.swift; sourceTree = "<group>"; };
		C8C72C2A2A39DA350025E693 /* Base */ = {isa = PBXFileReference; lastKnownFileType = file.storyboard; name = Base; path = Base.lproj/Main.storyboard; sourceTree = "<group>"; };
		C8C72C2C2A39DA360025E693 /* Assets.xcassets */ = {isa = PBXFileReference; lastKnownFileType = folder.assetcatalog; path = Assets.xcassets; sourceTree = "<group>"; };
		C8C72C2F2A39DA360025E693 /* Base */ = {isa = PBXFileReference; lastKnownFileType = file.storyboard; name = Base; path = Base.lproj/LaunchScreen.storyboard; sourceTree = "<group>"; };
		C8C72C312A39DA360025E693 /* Info.plist */ = {isa = PBXFileReference; lastKnownFileType = text.plist.xml; path = Info.plist; sourceTree = "<group>"; };
		C8CC88C22A3D3FEE0090DD86 /* NearbyUsersViewController.swift */ = {isa = PBXFileReference; lastKnownFileType = sourcecode.swift; path = NearbyUsersViewController.swift; sourceTree = "<group>"; };
		C8F5B3142A41B6E200478D2E /* MeAnnotation.swift */ = {isa = PBXFileReference; lastKnownFileType = sourcecode.swift; path = MeAnnotation.swift; sourceTree = "<group>"; };
		D51D7A4E17E030FDC9A09813 /* Pods-Murmur.release.xcconfig */ = {isa = PBXFileReference; includeInIndex = 1; lastKnownFileType = text.xcconfig; name = "Pods-Murmur.release.xcconfig"; path = "Target Support Files/Pods-Murmur/Pods-Murmur.release.xcconfig"; sourceTree = "<group>"; };
		E9C8B595076B3945BA1BAAC2 /* Pods-Murmur.debug.xcconfig */ = {isa = PBXFileReference; includeInIndex = 1; lastKnownFileType = text.xcconfig; name = "Pods-Murmur.debug.xcconfig"; path = "Target Support Files/Pods-Murmur/Pods-Murmur.debug.xcconfig"; sourceTree = "<group>"; };
/* End PBXFileReference section */

/* Begin PBXFrameworksBuildPhase section */
		C8C72C1D2A39DA350025E693 /* Frameworks */ = {
			isa = PBXFrameworksBuildPhase;
			buildActionMask = 2147483647;
			files = (
				DC450CD07D10418D1E75917C /* Pods_Murmur.framework in Frameworks */,
			);
			runOnlyForDeploymentPostprocessing = 0;
		};
/* End PBXFrameworksBuildPhase section */

/* Begin PBXGroup section */
		37FF0A8CEE831EE25FAFCB7C /* Frameworks */ = {
			isa = PBXGroup;
			children = (
				BFED62B540DE4FED81F92323 /* Pods_Murmur.framework */,
			);
			name = Frameworks;
			sourceTree = "<group>";
		};
		C363AD4F805F687B9333EE1A /* Pods */ = {
			isa = PBXGroup;
			children = (
				E9C8B595076B3945BA1BAAC2 /* Pods-Murmur.debug.xcconfig */,
				D51D7A4E17E030FDC9A09813 /* Pods-Murmur.release.xcconfig */,
			);
			path = Pods;
			sourceTree = "<group>";
		};
		C8ABD83F2A43E9C900B76ADC /* Chat Page */ = {
			isa = PBXGroup;
			children = (
				C8C4DD4E2A3AE3C90037B4F5 /* ChatRoomViewController.swift */,
				C8ABD8402A43EA1400B76ADC /* UserMeChatTableViewCell.swift */,
				C8ABD8422A43EA5800B76ADC /* UserTheOtherTableViewCell.swift */,
				C831F7C72A459CAC004A9A6F /* ChatRoomTableViewCell.swift */,
				C831F7C52A4592AA004A9A6F /* ChatViewController.swift */,
			);
			path = "Chat Page";
			sourceTree = "<group>";
		};
		C8AF2DB82A41559200B703E8 /* Post Page */ = {
			isa = PBXGroup;
			children = (
				C8AE775B2A3F0EE40027CB0D /* PostTagViewController.swift */,
				C8C4DD502A3AE3F30037B4F5 /* PostViewController.swift */,
			);
			path = "Post Page";
			sourceTree = "<group>";
		};
		C8AF2DB92A4155AB00B703E8 /* Model */ = {
			isa = PBXGroup;
			children = (
				C840F45A2A3F6F7B000604E6 /* FirebaseModel.swift */,
				C8ABD8442A43FCA100B76ADC /* MessageTypeTextField.swift */,
				C8BAE6DE2A45D57300ED6941 /* SearchBarTableHeaderView.swift */,
				C8AF2DB62A414EB900B703E8 /* MeAnnotationView.swift */,
				C8AF2DBA2A415BBF00B703E8 /* OtherUsersAnnotationView.swift */,
				C8AF2DB22A41430900B703E8 /* InsideMessageAnnotation.swift */,
				C8F5B3142A41B6E200478D2E /* MeAnnotation.swift */,
				C8AF2DB42A4145A300B703E8 /* OutsideMessageAnnotation.swift */,
				C8AF2DBC2A415DE300B703E8 /* OtherUsersAnnotation.swift */,
				C8499F422A4093B60019D83F /* DialogAnnotationView.swift */,
				C8A6CBDC2A3D9EA90089ED5C /* CustomAnnotationView.swift */,
				C8A6CBDA2A3D99B90089ED5C /* IdentifiablePlace.swift */,
				C8AE775D2A3F4D760027CB0D /* TagButton.swift */,
			);
			path = Model;
			sourceTree = "<group>";
		};
		C8BAE6E02A46463400ED6941 /* Home Page */ = {
			isa = PBXGroup;
			children = (
				C8C72C272A39DA350025E693 /* HomePageViewController.swift */,
				C8CC88C22A3D3FEE0090DD86 /* NearbyUsersViewController.swift */,
				C8ADBC282A3C6A730085BAD3 /* LocationMessageViewController.swift */,
			);
			path = "Home Page";
			sourceTree = "<group>";
		};
		C8C72C172A39DA350025E693 = {
			isa = PBXGroup;
			children = (
				C8C72C222A39DA350025E693 /* Murmur */,
				C8C4DD4D2A3AC1F60037B4F5 /* Murmur.app */,
				C363AD4F805F687B9333EE1A /* Pods */,
				37FF0A8CEE831EE25FAFCB7C /* Frameworks */,
			);
			sourceTree = "<group>";
		};
		C8C72C222A39DA350025E693 /* Murmur */ = {
			isa = PBXGroup;
			children = (
				C81343992A47E5D700F685F8 /* UIViewController_Extension.swift */,
				C8BAE6E12A464BE600ED6941 /* SignInUpViewController.swift */,
				C8BAE6E02A46463400ED6941 /* Home Page */,
				C8ABD83F2A43E9C900B76ADC /* Chat Page */,
				C8AF2DB92A4155AB00B703E8 /* Model */,
				C8AF2DB82A41559200B703E8 /* Post Page */,
				C8C72C232A39DA350025E693 /* AppDelegate.swift */,
				C8C72C252A39DA350025E693 /* SceneDelegate.swift */,
				C8C4DD522A3AE4020037B4F5 /* ProfileViewController.swift */,
				C8C72C292A39DA350025E693 /* Main.storyboard */,
				C8C72C2C2A39DA360025E693 /* Assets.xcassets */,
				C8C72C2E2A39DA360025E693 /* LaunchScreen.storyboard */,
				C8499F402A4009E00019D83F /* GoogleService-Info.plist */,
				C8C72C312A39DA360025E693 /* Info.plist */,
			);
			path = Murmur;
			sourceTree = "<group>";
		};
/* End PBXGroup section */

/* Begin PBXNativeTarget section */
		C8C72C1F2A39DA350025E693 /* Murmur */ = {
			isa = PBXNativeTarget;
			buildConfigurationList = C8C72C342A39DA360025E693 /* Build configuration list for PBXNativeTarget "Murmur" */;
			buildPhases = (
				F748ACBFE787A5DC9AB88189 /* [CP] Check Pods Manifest.lock */,
				C8FF94042A3AA49600B632EF /* ShellScript */,
				C8C72C1C2A39DA350025E693 /* Sources */,
				C8C72C1D2A39DA350025E693 /* Frameworks */,
				C8C72C1E2A39DA350025E693 /* Resources */,
				B7DB7766A9F540016EB5A24E /* [CP] Embed Pods Frameworks */,
			);
			buildRules = (
			);
			dependencies = (
			);
			name = Murmur;
			productName = Murmur;
			productReference = C8C4DD4D2A3AC1F60037B4F5 /* Murmur.app */;
			productType = "com.apple.product-type.application";
		};
/* End PBXNativeTarget section */

/* Begin PBXProject section */
		C8C72C182A39DA350025E693 /* Project object */ = {
			isa = PBXProject;
			attributes = {
				BuildIndependentTargetsInParallel = 1;
				LastSwiftUpdateCheck = 1430;
				LastUpgradeCheck = 1430;
				TargetAttributes = {
					C8C72C1F2A39DA350025E693 = {
						CreatedOnToolsVersion = 14.3;
					};
				};
			};
			buildConfigurationList = C8C72C1B2A39DA350025E693 /* Build configuration list for PBXProject "Murmur" */;
			compatibilityVersion = "Xcode 14.0";
			developmentRegion = en;
			hasScannedForEncodings = 0;
			knownRegions = (
				en,
				Base,
			);
			mainGroup = C8C72C172A39DA350025E693;
			productRefGroup = C8C72C172A39DA350025E693;
			projectDirPath = "";
			projectRoot = "";
			targets = (
				C8C72C1F2A39DA350025E693 /* Murmur */,
			);
		};
/* End PBXProject section */

/* Begin PBXResourcesBuildPhase section */
		C8C72C1E2A39DA350025E693 /* Resources */ = {
			isa = PBXResourcesBuildPhase;
			buildActionMask = 2147483647;
			files = (
				C8C72C302A39DA360025E693 /* LaunchScreen.storyboard in Resources */,
				C8499F412A4009E00019D83F /* GoogleService-Info.plist in Resources */,
				C8C72C2D2A39DA360025E693 /* Assets.xcassets in Resources */,
				C8C72C2B2A39DA350025E693 /* Main.storyboard in Resources */,
			);
			runOnlyForDeploymentPostprocessing = 0;
		};
/* End PBXResourcesBuildPhase section */

/* Begin PBXShellScriptBuildPhase section */
		B7DB7766A9F540016EB5A24E /* [CP] Embed Pods Frameworks */ = {
			isa = PBXShellScriptBuildPhase;
			buildActionMask = 2147483647;
			files = (
			);
			inputFileListPaths = (
				"${PODS_ROOT}/Target Support Files/Pods-Murmur/Pods-Murmur-frameworks-${CONFIGURATION}-input-files.xcfilelist",
			);
			name = "[CP] Embed Pods Frameworks";
			outputFileListPaths = (
				"${PODS_ROOT}/Target Support Files/Pods-Murmur/Pods-Murmur-frameworks-${CONFIGURATION}-output-files.xcfilelist",
			);
			runOnlyForDeploymentPostprocessing = 0;
			shellPath = /bin/sh;
			shellScript = "\"${PODS_ROOT}/Target Support Files/Pods-Murmur/Pods-Murmur-frameworks.sh\"\n";
			showEnvVarsInLog = 0;
		};
		C8FF94042A3AA49600B632EF /* ShellScript */ = {
			isa = PBXShellScriptBuildPhase;
			alwaysOutOfDate = 1;
			buildActionMask = 2147483647;
			files = (
			);
			inputFileListPaths = (
			);
			inputPaths = (
			);
			outputFileListPaths = (
			);
			outputPaths = (
			);
			runOnlyForDeploymentPostprocessing = 0;
			shellPath = /bin/sh;
			shellScript = "# Type a script or drag a script file from your workspace to insert its path.\nif [[ \"$(uname -m)\" == arm64 ]]; then\n    export PATH=\"/opt/homebrew/bin:$PATH\"\nfi\n\nif which swiftlint > /dev/null; then\n  swiftlint\nelse\n  echo \"warning: SwiftLint not installed, download from https://github.com/realm/SwiftLint\"\nfi\n";
		};
		F748ACBFE787A5DC9AB88189 /* [CP] Check Pods Manifest.lock */ = {
			isa = PBXShellScriptBuildPhase;
			buildActionMask = 2147483647;
			files = (
			);
			inputFileListPaths = (
			);
			inputPaths = (
				"${PODS_PODFILE_DIR_PATH}/Podfile.lock",
				"${PODS_ROOT}/Manifest.lock",
			);
			name = "[CP] Check Pods Manifest.lock";
			outputFileListPaths = (
			);
			outputPaths = (
				"$(DERIVED_FILE_DIR)/Pods-Murmur-checkManifestLockResult.txt",
			);
			runOnlyForDeploymentPostprocessing = 0;
			shellPath = /bin/sh;
			shellScript = "diff \"${PODS_PODFILE_DIR_PATH}/Podfile.lock\" \"${PODS_ROOT}/Manifest.lock\" > /dev/null\nif [ $? != 0 ] ; then\n    # print error to STDERR\n    echo \"error: The sandbox is not in sync with the Podfile.lock. Run 'pod install' or update your CocoaPods installation.\" >&2\n    exit 1\nfi\n# This output is used by Xcode 'outputs' to avoid re-running this script phase.\necho \"SUCCESS\" > \"${SCRIPT_OUTPUT_FILE_0}\"\n";
			showEnvVarsInLog = 0;
		};
/* End PBXShellScriptBuildPhase section */

/* Begin PBXSourcesBuildPhase section */
		C8C72C1C2A39DA350025E693 /* Sources */ = {
			isa = PBXSourcesBuildPhase;
			buildActionMask = 2147483647;
			files = (
				C8AF2DBD2A415DE300B703E8 /* OtherUsersAnnotation.swift in Sources */,
				C8A6CBDB2A3D99B90089ED5C /* IdentifiablePlace.swift in Sources */,
				C8C4DD532A3AE4020037B4F5 /* ProfileViewController.swift in Sources */,
				C8499F432A4093B60019D83F /* DialogAnnotationView.swift in Sources */,
				C813439A2A47E5D700F685F8 /* UIViewController_Extension.swift in Sources */,
				C8C72C282A39DA350025E693 /* HomePageViewController.swift in Sources */,
				C8BAE6DF2A45D57300ED6941 /* SearchBarTableHeaderView.swift in Sources */,
				C8ABD8452A43FCA100B76ADC /* MessageTypeTextField.swift in Sources */,
				C8C72C242A39DA350025E693 /* AppDelegate.swift in Sources */,
				C8C72C262A39DA350025E693 /* SceneDelegate.swift in Sources */,
				C8AF2DB52A4145A300B703E8 /* OutsideMessageAnnotation.swift in Sources */,
				C8ABD8412A43EA1400B76ADC /* UserMeChatTableViewCell.swift in Sources */,
				C831F7C62A4592AA004A9A6F /* ChatViewController.swift in Sources */,
				C8ABD8432A43EA5800B76ADC /* UserTheOtherTableViewCell.swift in Sources */,
				C8AF2DB32A41430900B703E8 /* InsideMessageAnnotation.swift in Sources */,
				C831F7C82A459CAC004A9A6F /* ChatRoomTableViewCell.swift in Sources */,
				C8AE775C2A3F0EE40027CB0D /* PostTagViewController.swift in Sources */,
				C8AE775E2A3F4D760027CB0D /* TagButton.swift in Sources */,
				C8CC88C32A3D3FEE0090DD86 /* NearbyUsersViewController.swift in Sources */,
				C8A6CBDD2A3D9EA90089ED5C /* CustomAnnotationView.swift in Sources */,
				C8AF2DB72A414EB900B703E8 /* MeAnnotationView.swift in Sources */,
				C8AF2DBB2A415BBF00B703E8 /* OtherUsersAnnotationView.swift in Sources */,
				C8C4DD4F2A3AE3C90037B4F5 /* ChatRoomViewController.swift in Sources */,
				C8ADBC292A3C6A730085BAD3 /* LocationMessageViewController.swift in Sources */,
				C8C4DD512A3AE3F30037B4F5 /* PostViewController.swift in Sources */,
				C8BAE6E22A464BE600ED6941 /* SignInUpViewController.swift in Sources */,
				C8F5B3152A41B6E200478D2E /* MeAnnotation.swift in Sources */,
				C840F45B2A3F6F7B000604E6 /* FirebaseModel.swift in Sources */,
			);
			runOnlyForDeploymentPostprocessing = 0;
		};
/* End PBXSourcesBuildPhase section */

/* Begin PBXVariantGroup section */
		C8C72C292A39DA350025E693 /* Main.storyboard */ = {
			isa = PBXVariantGroup;
			children = (
				C8C72C2A2A39DA350025E693 /* Base */,
			);
			name = Main.storyboard;
			sourceTree = "<group>";
		};
		C8C72C2E2A39DA360025E693 /* LaunchScreen.storyboard */ = {
			isa = PBXVariantGroup;
			children = (
				C8C72C2F2A39DA360025E693 /* Base */,
			);
			name = LaunchScreen.storyboard;
			sourceTree = "<group>";
		};
/* End PBXVariantGroup section */

/* Begin XCBuildConfiguration section */
		C8C72C322A39DA360025E693 /* Debug */ = {
			isa = XCBuildConfiguration;
			buildSettings = {
				ALWAYS_SEARCH_USER_PATHS = NO;
				CLANG_ANALYZER_NONNULL = YES;
				CLANG_ANALYZER_NUMBER_OBJECT_CONVERSION = YES_AGGRESSIVE;
				CLANG_CXX_LANGUAGE_STANDARD = "gnu++20";
				CLANG_ENABLE_MODULES = YES;
				CLANG_ENABLE_OBJC_ARC = YES;
				CLANG_ENABLE_OBJC_WEAK = YES;
				CLANG_WARN_BLOCK_CAPTURE_AUTORELEASING = YES;
				CLANG_WARN_BOOL_CONVERSION = YES;
				CLANG_WARN_COMMA = YES;
				CLANG_WARN_CONSTANT_CONVERSION = YES;
				CLANG_WARN_DEPRECATED_OBJC_IMPLEMENTATIONS = YES;
				CLANG_WARN_DIRECT_OBJC_ISA_USAGE = YES_ERROR;
				CLANG_WARN_DOCUMENTATION_COMMENTS = YES;
				CLANG_WARN_EMPTY_BODY = YES;
				CLANG_WARN_ENUM_CONVERSION = YES;
				CLANG_WARN_INFINITE_RECURSION = YES;
				CLANG_WARN_INT_CONVERSION = YES;
				CLANG_WARN_NON_LITERAL_NULL_CONVERSION = YES;
				CLANG_WARN_OBJC_IMPLICIT_RETAIN_SELF = YES;
				CLANG_WARN_OBJC_LITERAL_CONVERSION = YES;
				CLANG_WARN_OBJC_ROOT_CLASS = YES_ERROR;
				CLANG_WARN_QUOTED_INCLUDE_IN_FRAMEWORK_HEADER = YES;
				CLANG_WARN_RANGE_LOOP_ANALYSIS = YES;
				CLANG_WARN_STRICT_PROTOTYPES = YES;
				CLANG_WARN_SUSPICIOUS_MOVE = YES;
				CLANG_WARN_UNGUARDED_AVAILABILITY = YES_AGGRESSIVE;
				CLANG_WARN_UNREACHABLE_CODE = YES;
				CLANG_WARN__DUPLICATE_METHOD_MATCH = YES;
				COPY_PHASE_STRIP = NO;
				DEBUG_INFORMATION_FORMAT = dwarf;
				ENABLE_STRICT_OBJC_MSGSEND = YES;
				ENABLE_TESTABILITY = YES;
				GCC_C_LANGUAGE_STANDARD = gnu11;
				GCC_DYNAMIC_NO_PIC = NO;
				GCC_NO_COMMON_BLOCKS = YES;
				GCC_OPTIMIZATION_LEVEL = 0;
				GCC_PREPROCESSOR_DEFINITIONS = (
					"DEBUG=1",
					"$(inherited)",
				);
				GCC_WARN_64_TO_32_BIT_CONVERSION = YES;
				GCC_WARN_ABOUT_RETURN_TYPE = YES_ERROR;
				GCC_WARN_UNDECLARED_SELECTOR = YES;
				GCC_WARN_UNINITIALIZED_AUTOS = YES_AGGRESSIVE;
				GCC_WARN_UNUSED_FUNCTION = YES;
				GCC_WARN_UNUSED_VARIABLE = YES;
				IPHONEOS_DEPLOYMENT_TARGET = 15.0;
				MTL_ENABLE_DEBUG_INFO = INCLUDE_SOURCE;
				MTL_FAST_MATH = YES;
				ONLY_ACTIVE_ARCH = YES;
				SDKROOT = iphoneos;
				SWIFT_ACTIVE_COMPILATION_CONDITIONS = DEBUG;
				SWIFT_OPTIMIZATION_LEVEL = "-Onone";
			};
			name = Debug;
		};
		C8C72C332A39DA360025E693 /* Release */ = {
			isa = XCBuildConfiguration;
			buildSettings = {
				ALWAYS_SEARCH_USER_PATHS = NO;
				CLANG_ANALYZER_NONNULL = YES;
				CLANG_ANALYZER_NUMBER_OBJECT_CONVERSION = YES_AGGRESSIVE;
				CLANG_CXX_LANGUAGE_STANDARD = "gnu++20";
				CLANG_ENABLE_MODULES = YES;
				CLANG_ENABLE_OBJC_ARC = YES;
				CLANG_ENABLE_OBJC_WEAK = YES;
				CLANG_WARN_BLOCK_CAPTURE_AUTORELEASING = YES;
				CLANG_WARN_BOOL_CONVERSION = YES;
				CLANG_WARN_COMMA = YES;
				CLANG_WARN_CONSTANT_CONVERSION = YES;
				CLANG_WARN_DEPRECATED_OBJC_IMPLEMENTATIONS = YES;
				CLANG_WARN_DIRECT_OBJC_ISA_USAGE = YES_ERROR;
				CLANG_WARN_DOCUMENTATION_COMMENTS = YES;
				CLANG_WARN_EMPTY_BODY = YES;
				CLANG_WARN_ENUM_CONVERSION = YES;
				CLANG_WARN_INFINITE_RECURSION = YES;
				CLANG_WARN_INT_CONVERSION = YES;
				CLANG_WARN_NON_LITERAL_NULL_CONVERSION = YES;
				CLANG_WARN_OBJC_IMPLICIT_RETAIN_SELF = YES;
				CLANG_WARN_OBJC_LITERAL_CONVERSION = YES;
				CLANG_WARN_OBJC_ROOT_CLASS = YES_ERROR;
				CLANG_WARN_QUOTED_INCLUDE_IN_FRAMEWORK_HEADER = YES;
				CLANG_WARN_RANGE_LOOP_ANALYSIS = YES;
				CLANG_WARN_STRICT_PROTOTYPES = YES;
				CLANG_WARN_SUSPICIOUS_MOVE = YES;
				CLANG_WARN_UNGUARDED_AVAILABILITY = YES_AGGRESSIVE;
				CLANG_WARN_UNREACHABLE_CODE = YES;
				CLANG_WARN__DUPLICATE_METHOD_MATCH = YES;
				COPY_PHASE_STRIP = NO;
				DEBUG_INFORMATION_FORMAT = "dwarf-with-dsym";
				ENABLE_NS_ASSERTIONS = NO;
				ENABLE_STRICT_OBJC_MSGSEND = YES;
				GCC_C_LANGUAGE_STANDARD = gnu11;
				GCC_NO_COMMON_BLOCKS = YES;
				GCC_WARN_64_TO_32_BIT_CONVERSION = YES;
				GCC_WARN_ABOUT_RETURN_TYPE = YES_ERROR;
				GCC_WARN_UNDECLARED_SELECTOR = YES;
				GCC_WARN_UNINITIALIZED_AUTOS = YES_AGGRESSIVE;
				GCC_WARN_UNUSED_FUNCTION = YES;
				GCC_WARN_UNUSED_VARIABLE = YES;
				IPHONEOS_DEPLOYMENT_TARGET = 15.0;
				MTL_ENABLE_DEBUG_INFO = NO;
				MTL_FAST_MATH = YES;
				SDKROOT = iphoneos;
				SWIFT_COMPILATION_MODE = wholemodule;
				SWIFT_OPTIMIZATION_LEVEL = "-O";
				VALIDATE_PRODUCT = YES;
			};
			name = Release;
		};
		C8C72C352A39DA360025E693 /* Debug */ = {
			isa = XCBuildConfiguration;
			baseConfigurationReference = E9C8B595076B3945BA1BAAC2 /* Pods-Murmur.debug.xcconfig */;
			buildSettings = {
				ASSETCATALOG_COMPILER_APPICON_NAME = AppIcon;
				ASSETCATALOG_COMPILER_GLOBAL_ACCENT_COLOR_NAME = AccentColor;
				CODE_SIGN_STYLE = Automatic;
				CURRENT_PROJECT_VERSION = 1;
				DEVELOPMENT_TEAM = 8MUTKC7BV7;
				GENERATE_INFOPLIST_FILE = YES;
				INFOPLIST_FILE = Murmur/Info.plist;
				INFOPLIST_KEY_NSLocationWhenInUseUsageDescription = "Murmur 需要訪問你的位置以提供更好的服務";
				INFOPLIST_KEY_UIApplicationSupportsIndirectInputEvents = YES;
				INFOPLIST_KEY_UILaunchStoryboardName = LaunchScreen;
				INFOPLIST_KEY_UIMainStoryboardFile = Main;
				INFOPLIST_KEY_UISupportedInterfaceOrientations_iPad = "UIInterfaceOrientationPortrait UIInterfaceOrientationPortraitUpsideDown UIInterfaceOrientationLandscapeLeft UIInterfaceOrientationLandscapeRight";
				INFOPLIST_KEY_UISupportedInterfaceOrientations_iPhone = "UIInterfaceOrientationPortrait UIInterfaceOrientationLandscapeLeft UIInterfaceOrientationLandscapeRight";
				IPHONEOS_DEPLOYMENT_TARGET = 15.0;
				LD_RUNPATH_SEARCH_PATHS = (
					"$(inherited)",
					"@executable_path/Frameworks",
				);
				MARKETING_VERSION = 1.0;
				PRODUCT_BUNDLE_IDENTIFIER = cleopatra.Murmur;
				PRODUCT_NAME = "$(TARGET_NAME)";
				SWIFT_EMIT_LOC_STRINGS = YES;
				SWIFT_VERSION = 5.0;
				TARGETED_DEVICE_FAMILY = "1,2";
			};
			name = Debug;
		};
		C8C72C362A39DA360025E693 /* Release */ = {
			isa = XCBuildConfiguration;
			baseConfigurationReference = D51D7A4E17E030FDC9A09813 /* Pods-Murmur.release.xcconfig */;
			buildSettings = {
				ASSETCATALOG_COMPILER_APPICON_NAME = AppIcon;
				ASSETCATALOG_COMPILER_GLOBAL_ACCENT_COLOR_NAME = AccentColor;
				CODE_SIGN_STYLE = Automatic;
				CURRENT_PROJECT_VERSION = 1;
				DEVELOPMENT_TEAM = 8MUTKC7BV7;
				GENERATE_INFOPLIST_FILE = YES;
				INFOPLIST_FILE = Murmur/Info.plist;
				INFOPLIST_KEY_NSLocationWhenInUseUsageDescription = "Murmur 需要訪問你的位置以提供更好的服務";
				INFOPLIST_KEY_UIApplicationSupportsIndirectInputEvents = YES;
				INFOPLIST_KEY_UILaunchStoryboardName = LaunchScreen;
				INFOPLIST_KEY_UIMainStoryboardFile = Main;
				INFOPLIST_KEY_UISupportedInterfaceOrientations_iPad = "UIInterfaceOrientationPortrait UIInterfaceOrientationPortraitUpsideDown UIInterfaceOrientationLandscapeLeft UIInterfaceOrientationLandscapeRight";
				INFOPLIST_KEY_UISupportedInterfaceOrientations_iPhone = "UIInterfaceOrientationPortrait UIInterfaceOrientationLandscapeLeft UIInterfaceOrientationLandscapeRight";
				IPHONEOS_DEPLOYMENT_TARGET = 15.0;
				LD_RUNPATH_SEARCH_PATHS = (
					"$(inherited)",
					"@executable_path/Frameworks",
				);
				MARKETING_VERSION = 1.0;
				PRODUCT_BUNDLE_IDENTIFIER = cleopatra.Murmur;
				PRODUCT_NAME = "$(TARGET_NAME)";
				SWIFT_EMIT_LOC_STRINGS = YES;
				SWIFT_VERSION = 5.0;
				TARGETED_DEVICE_FAMILY = "1,2";
			};
			name = Release;
		};
/* End XCBuildConfiguration section */

/* Begin XCConfigurationList section */
		C8C72C1B2A39DA350025E693 /* Build configuration list for PBXProject "Murmur" */ = {
			isa = XCConfigurationList;
			buildConfigurations = (
				C8C72C322A39DA360025E693 /* Debug */,
				C8C72C332A39DA360025E693 /* Release */,
			);
			defaultConfigurationIsVisible = 0;
			defaultConfigurationName = Release;
		};
		C8C72C342A39DA360025E693 /* Build configuration list for PBXNativeTarget "Murmur" */ = {
			isa = XCConfigurationList;
			buildConfigurations = (
				C8C72C352A39DA360025E693 /* Debug */,
				C8C72C362A39DA360025E693 /* Release */,
			);
			defaultConfigurationIsVisible = 0;
			defaultConfigurationName = Release;
		};
/* End XCConfigurationList section */
	};
	rootObject = C8C72C182A39DA350025E693 /* Project object */;
}
