// !$*UTF8*$!
{
	archiveVersion = 1;
	classes = {
	};
	objectVersion = 56;
	objects = {

/* Begin PBXBuildFile section */
		C8ADBC292A3C6A730085BAD3 /* LocationMessageViewController.swift in Sources */ = {isa = PBXBuildFile; fileRef = C8ADBC282A3C6A730085BAD3 /* LocationMessageViewController.swift */; };
		C8C4DD4F2A3AE3C90037B4F5 /* ChatRoomViewController.swift in Sources */ = {isa = PBXBuildFile; fileRef = C8C4DD4E2A3AE3C90037B4F5 /* ChatRoomViewController.swift */; };
		C8C4DD512A3AE3F30037B4F5 /* PostViewController.swift in Sources */ = {isa = PBXBuildFile; fileRef = C8C4DD502A3AE3F30037B4F5 /* PostViewController.swift */; };
		C8C4DD532A3AE4020037B4F5 /* ProfileViewController.swift in Sources */ = {isa = PBXBuildFile; fileRef = C8C4DD522A3AE4020037B4F5 /* ProfileViewController.swift */; };
		C8C72C242A39DA350025E693 /* AppDelegate.swift in Sources */ = {isa = PBXBuildFile; fileRef = C8C72C232A39DA350025E693 /* AppDelegate.swift */; };
		C8C72C262A39DA350025E693 /* SceneDelegate.swift in Sources */ = {isa = PBXBuildFile; fileRef = C8C72C252A39DA350025E693 /* SceneDelegate.swift */; };
		C8C72C282A39DA350025E693 /* HomePageViewController.swift in Sources */ = {isa = PBXBuildFile; fileRef = C8C72C272A39DA350025E693 /* HomePageViewController.swift */; };
		C8C72C2B2A39DA350025E693 /* Main.storyboard in Resources */ = {isa = PBXBuildFile; fileRef = C8C72C292A39DA350025E693 /* Main.storyboard */; };
		C8C72C2D2A39DA360025E693 /* Assets.xcassets in Resources */ = {isa = PBXBuildFile; fileRef = C8C72C2C2A39DA360025E693 /* Assets.xcassets */; };
		C8C72C302A39DA360025E693 /* LaunchScreen.storyboard in Resources */ = {isa = PBXBuildFile; fileRef = C8C72C2E2A39DA360025E693 /* LaunchScreen.storyboard */; };
		DC450CD07D10418D1E75917C /* Pods_Murmur.framework in Frameworks */ = {isa = PBXBuildFile; fileRef = BFED62B540DE4FED81F92323 /* Pods_Murmur.framework */; };
/* End PBXBuildFile section */

/* Begin PBXFileReference section */
		BFED62B540DE4FED81F92323 /* Pods_Murmur.framework */ = {isa = PBXFileReference; explicitFileType = wrapper.framework; includeInIndex = 0; path = Pods_Murmur.framework; sourceTree = BUILT_PRODUCTS_DIR; };
		C8ADBC282A3C6A730085BAD3 /* LocationMessageViewController.swift */ = {isa = PBXFileReference; lastKnownFileType = sourcecode.swift; path = LocationMessageViewController.swift; sourceTree = "<group>"; };
		C8C4DD4D2A3AC1F60037B4F5 /* Murmur.app */ = {isa = PBXFileReference; explicitFileType = wrapper.application; includeInIndex = 0; path = Murmur.app; sourceTree = BUILT_PRODUCTS_DIR; };
		C8C4DD4E2A3AE3C90037B4F5 /* ChatRoomViewController.swift */ = {isa = PBXFileReference; lastKnownFileType = sourcecode.swift; path = ChatRoomViewController.swift; sourceTree = "<group>"; };
		C8C4DD502A3AE3F30037B4F5 /* PostViewController.swift */ = {isa = PBXFileReference; lastKnownFileType = sourcecode.swift; path = PostViewController.swift; sourceTree = "<group>"; };
		C8C4DD522A3AE4020037B4F5 /* ProfileViewController.swift */ = {isa = PBXFileReference; lastKnownFileType = sourcecode.swift; path = ProfileViewController.swift; sourceTree = "<group>"; };
		C8C72C232A39DA350025E693 /* AppDelegate.swift */ = {isa = PBXFileReference; lastKnownFileType = sourcecode.swift; path = AppDelegate.swift; sourceTree = "<group>"; };
		C8C72C252A39DA350025E693 /* SceneDelegate.swift */ = {isa = PBXFileReference; lastKnownFileType = sourcecode.swift; path = SceneDelegate.swift; sourceTree = "<group>"; };
		C8C72C272A39DA350025E693 /* HomePageViewController.swift */ = {isa = PBXFileReference; lastKnownFileType = sourcecode.swift; path = HomePageViewController.swift; sourceTree = "<group>"; };
		C8C72C2A2A39DA350025E693 /* Base */ = {isa = PBXFileReference; lastKnownFileType = file.storyboard; name = Base; path = Base.lproj/Main.storyboard; sourceTree = "<group>"; };
		C8C72C2C2A39DA360025E693 /* Assets.xcassets */ = {isa = PBXFileReference; lastKnownFileType = folder.assetcatalog; path = Assets.xcassets; sourceTree = "<group>"; };
		C8C72C2F2A39DA360025E693 /* Base */ = {isa = PBXFileReference; lastKnownFileType = file.storyboard; name = Base; path = Base.lproj/LaunchScreen.storyboard; sourceTree = "<group>"; };
		C8C72C312A39DA360025E693 /* Info.plist */ = {isa = PBXFileReference; lastKnownFileType = text.plist.xml; path = Info.plist; sourceTree = "<group>"; };
		D51D7A4E17E030FDC9A09813 /* Pods-Murmur.release.xcconfig */ = {isa = PBXFileReference; includeInIndex = 1; lastKnownFileType = text.xcconfig; name = "Pods-Murmur.release.xcconfig"; path = "Target Support Files/Pods-Murmur/Pods-Murmur.release.xcconfig"; sourceTree = "<group>"; };
		E9C8B595076B3945BA1BAAC2 /* Pods-Murmur.debug.xcconfig */ = {isa = PBXFileReference; includeInIndex = 1; lastKnownFileType = text.xcconfig; name = "Pods-Murmur.debug.xcconfig"; path = "Target Support Files/Pods-Murmur/Pods-Murmur.debug.xcconfig"; sourceTree = "<group>"; };
/* End PBXFileReference section */

/* Begin PBXFrameworksBuildPhase section */
		C8C72C1D2A39DA350025E693 /* Frameworks */ = {
			isa = PBXFrameworksBuildPhase;
			buildActionMask = 2147483647;
			files = (
				DC450CD07D10418D1E75917C /* Pods_Murmur.framework in Frameworks */,
			);
			runOnlyForDeploymentPostprocessing = 0;
		};
/* End PBXFrameworksBuildPhase section */

/* Begin PBXGroup section */
		37FF0A8CEE831EE25FAFCB7C /* Frameworks */ = {
			isa = PBXGroup;
			children = (
				BFED62B540DE4FED81F92323 /* Pods_Murmur.framework */,
			);
			name = Frameworks;
			sourceTree = "<group>";
		};
		C363AD4F805F687B9333EE1A /* Pods */ = {
			isa = PBXGroup;
			children = (
				E9C8B595076B3945BA1BAAC2 /* Pods-Murmur.debug.xcconfig */,
				D51D7A4E17E030FDC9A09813 /* Pods-Murmur.release.xcconfig */,
			);
			path = Pods;
			sourceTree = "<group>";
		};
		C8C72C172A39DA350025E693 = {
			isa = PBXGroup;
			children = (
				C8C72C222A39DA350025E693 /* Murmur */,
				C8C4DD4D2A3AC1F60037B4F5 /* Murmur.app */,
				C363AD4F805F687B9333EE1A /* Pods */,
				37FF0A8CEE831EE25FAFCB7C /* Frameworks */,
			);
			sourceTree = "<group>";
		};
		C8C72C222A39DA350025E693 /* Murmur */ = {
			isa = PBXGroup;
			children = (
				C8C72C232A39DA350025E693 /* AppDelegate.swift */,
				C8C72C252A39DA350025E693 /* SceneDelegate.swift */,
				C8C72C272A39DA350025E693 /* HomePageViewController.swift */,
				C8ADBC282A3C6A730085BAD3 /* LocationMessageViewController.swift */,
				C8C4DD4E2A3AE3C90037B4F5 /* ChatRoomViewController.swift */,
				C8C4DD502A3AE3F30037B4F5 /* PostViewController.swift */,
				C8C4DD522A3AE4020037B4F5 /* ProfileViewController.swift */,
				C8C72C292A39DA350025E693 /* Main.storyboard */,
				C8C72C2C2A39DA360025E693 /* Assets.xcassets */,
				C8C72C2E2A39DA360025E693 /* LaunchScreen.storyboard */,
				C8C72C312A39DA360025E693 /* Info.plist */,
			);
			path = Murmur;
			sourceTree = "<group>";
		};
/* End PBXGroup section */

/* Begin PBXNativeTarget section */
		C8C72C1F2A39DA350025E693 /* Murmur */ = {
			isa = PBXNativeTarget;
			buildConfigurationList = C8C72C342A39DA360025E693 /* Build configuration list for PBXNativeTarget "Murmur" */;
			buildPhases = (
				F748ACBFE787A5DC9AB88189 /* [CP] Check Pods Manifest.lock */,
				C8FF94042A3AA49600B632EF /* ShellScript */,
				C8C72C1C2A39DA350025E693 /* Sources */,
				C8C72C1D2A39DA350025E693 /* Frameworks */,
				C8C72C1E2A39DA350025E693 /* Resources */,
				B7DB7766A9F540016EB5A24E /* [CP] Embed Pods Frameworks */,
			);
			buildRules = (
			);
			dependencies = (
			);
			name = Murmur;
			productName = Murmur;
			productReference = C8C4DD4D2A3AC1F60037B4F5 /* Murmur.app */;
			productType = "com.apple.product-type.application";
		};
/* End PBXNativeTarget section */

/* Begin PBXProject section */
		C8C72C182A39DA350025E693 /* Project object */ = {
			isa = PBXProject;
			attributes = {
				BuildIndependentTargetsInParallel = 1;
				LastSwiftUpdateCheck = 1430;
				LastUpgradeCheck = 1430;
				TargetAttributes = {
					C8C72C1F2A39DA350025E693 = {
						CreatedOnToolsVersion = 14.3;
					};
				};
			};
			buildConfigurationList = C8C72C1B2A39DA350025E693 /* Build configuration list for PBXProject "Murmur" */;
			compatibilityVersion = "Xcode 14.0";
			developmentRegion = en;
			hasScannedForEncodings = 0;
			knownRegions = (
				en,
				Base,
			);
			mainGroup = C8C72C172A39DA350025E693;
			productRefGroup = C8C72C172A39DA350025E693;
			projectDirPath = "";
			projectRoot = "";
			targets = (
				C8C72C1F2A39DA350025E693 /* Murmur */,
			);
		};
/* End PBXProject section */

/* Begin PBXResourcesBuildPhase section */
		C8C72C1E2A39DA350025E693 /* Resources */ = {
			isa = PBXResourcesBuildPhase;
			buildActionMask = 2147483647;
			files = (
				C8C72C302A39DA360025E693 /* LaunchScreen.storyboard in Resources */,
				C8C72C2D2A39DA360025E693 /* Assets.xcassets in Resources */,
				C8C72C2B2A39DA350025E693 /* Main.storyboard in Resources */,
			);
			runOnlyForDeploymentPostprocessing = 0;
		};
/* End PBXResourcesBuildPhase section */

/* Begin PBXShellScriptBuildPhase section */
		B7DB7766A9F540016EB5A24E /* [CP] Embed Pods Frameworks */ = {
			isa = PBXShellScriptBuildPhase;
			buildActionMask = 2147483647;
			files = (
			);
			inputFileListPaths = (
				"${PODS_ROOT}/Target Support Files/Pods-Murmur/Pods-Murmur-frameworks-${CONFIGURATION}-input-files.xcfilelist",
			);
			name = "[CP] Embed Pods Frameworks";
			outputFileListPaths = (
				"${PODS_ROOT}/Target Support Files/Pods-Murmur/Pods-Murmur-frameworks-${CONFIGURATION}-output-files.xcfilelist",
			);
			runOnlyForDeploymentPostprocessing = 0;
			shellPath = /bin/sh;
			shellScript = "\"${PODS_ROOT}/Target Support Files/Pods-Murmur/Pods-Murmur-frameworks.sh\"\n";
			showEnvVarsInLog = 0;
		};
		C8FF94042A3AA49600B632EF /* ShellScript */ = {
			isa = PBXShellScriptBuildPhase;
			alwaysOutOfDate = 1;
			buildActionMask = 2147483647;
			files = (
			);
			inputFileListPaths = (
			);
			inputPaths = (
			);
			outputFileListPaths = (
			);
			outputPaths = (
			);
			runOnlyForDeploymentPostprocessing = 0;
			shellPath = /bin/sh;
			shellScript = "# Type a script or drag a script file from your workspace to insert its path.\nif [[ \"$(uname -m)\" == arm64 ]]; then\n    export PATH=\"/opt/homebrew/bin:$PATH\"\nfi\n\nif which swiftlint > /dev/null; then\n  swiftlint\nelse\n  echo \"warning: SwiftLint not installed, download from https://github.com/realm/SwiftLint\"\nfi\n";
		};
		F748ACBFE787A5DC9AB88189 /* [CP] Check Pods Manifest.lock */ = {
			isa = PBXShellScriptBuildPhase;
			buildActionMask = 2147483647;
			files = (
			);
			inputFileListPaths = (
			);
			inputPaths = (
				"${PODS_PODFILE_DIR_PATH}/Podfile.lock",
				"${PODS_ROOT}/Manifest.lock",
			);
			name = "[CP] Check Pods Manifest.lock";
			outputFileListPaths = (
			);
			outputPaths = (
				"$(DERIVED_FILE_DIR)/Pods-Murmur-checkManifestLockResult.txt",
			);
			runOnlyForDeploymentPostprocessing = 0;
			shellPath = /bin/sh;
			shellScript = "diff \"${PODS_PODFILE_DIR_PATH}/Podfile.lock\" \"${PODS_ROOT}/Manifest.lock\" > /dev/null\nif [ $? != 0 ] ; then\n    # print error to STDERR\n    echo \"error: The sandbox is not in sync with the Podfile.lock. Run 'pod install' or update your CocoaPods installation.\" >&2\n    exit 1\nfi\n# This output is used by Xcode 'outputs' to avoid re-running this script phase.\necho \"SUCCESS\" > \"${SCRIPT_OUTPUT_FILE_0}\"\n";
			showEnvVarsInLog = 0;
		};
/* End PBXShellScriptBuildPhase section */

/* Begin PBXSourcesBuildPhase section */
		C8C72C1C2A39DA350025E693 /* Sources */ = {
			isa = PBXSourcesBuildPhase;
			buildActionMask = 2147483647;
			files = (
				C8C4DD532A3AE4020037B4F5 /* ProfileViewController.swift in Sources */,
				C8C72C282A39DA350025E693 /* HomePageViewController.swift in Sources */,
				C8C72C242A39DA350025E693 /* AppDelegate.swift in Sources */,
				C8C72C262A39DA350025E693 /* SceneDelegate.swift in Sources */,
				C8C4DD4F2A3AE3C90037B4F5 /* ChatRoomViewController.swift in Sources */,
				C8ADBC292A3C6A730085BAD3 /* LocationMessageViewController.swift in Sources */,
				C8C4DD512A3AE3F30037B4F5 /* PostViewController.swift in Sources */,
			);
			runOnlyForDeploymentPostprocessing = 0;
		};
/* End PBXSourcesBuildPhase section */

/* Begin PBXVariantGroup section */
		C8C72C292A39DA350025E693 /* Main.storyboard */ = {
			isa = PBXVariantGroup;
			children = (
				C8C72C2A2A39DA350025E693 /* Base */,
			);
			name = Main.storyboard;
			sourceTree = "<group>";
		};
		C8C72C2E2A39DA360025E693 /* LaunchScreen.storyboard */ = {
			isa = PBXVariantGroup;
			children = (
				C8C72C2F2A39DA360025E693 /* Base */,
			);
			name = LaunchScreen.storyboard;
			sourceTree = "<group>";
		};
/* End PBXVariantGroup section */

/* Begin XCBuildConfiguration section */
		C8C72C322A39DA360025E693 /* Debug */ = {
			isa = XCBuildConfiguration;
			buildSettings = {
				ALWAYS_SEARCH_USER_PATHS = NO;
				CLANG_ANALYZER_NONNULL = YES;
				CLANG_ANALYZER_NUMBER_OBJECT_CONVERSION = YES_AGGRESSIVE;
				CLANG_CXX_LANGUAGE_STANDARD = "gnu++20";
				CLANG_ENABLE_MODULES = YES;
				CLANG_ENABLE_OBJC_ARC = YES;
				CLANG_ENABLE_OBJC_WEAK = YES;
				CLANG_WARN_BLOCK_CAPTURE_AUTORELEASING = YES;
				CLANG_WARN_BOOL_CONVERSION = YES;
				CLANG_WARN_COMMA = YES;
				CLANG_WARN_CONSTANT_CONVERSION = YES;
				CLANG_WARN_DEPRECATED_OBJC_IMPLEMENTATIONS = YES;
				CLANG_WARN_DIRECT_OBJC_ISA_USAGE = YES_ERROR;
				CLANG_WARN_DOCUMENTATION_COMMENTS = YES;
				CLANG_WARN_EMPTY_BODY = YES;
				CLANG_WARN_ENUM_CONVERSION = YES;
				CLANG_WARN_INFINITE_RECURSION = YES;
				CLANG_WARN_INT_CONVERSION = YES;
				CLANG_WARN_NON_LITERAL_NULL_CONVERSION = YES;
				CLANG_WARN_OBJC_IMPLICIT_RETAIN_SELF = YES;
				CLANG_WARN_OBJC_LITERAL_CONVERSION = YES;
				CLANG_WARN_OBJC_ROOT_CLASS = YES_ERROR;
				CLANG_WARN_QUOTED_INCLUDE_IN_FRAMEWORK_HEADER = YES;
				CLANG_WARN_RANGE_LOOP_ANALYSIS = YES;
				CLANG_WARN_STRICT_PROTOTYPES = YES;
				CLANG_WARN_SUSPICIOUS_MOVE = YES;
				CLANG_WARN_UNGUARDED_AVAILABILITY = YES_AGGRESSIVE;
				CLANG_WARN_UNREACHABLE_CODE = YES;
				CLANG_WARN__DUPLICATE_METHOD_MATCH = YES;
				COPY_PHASE_STRIP = NO;
				DEBUG_INFORMATION_FORMAT = dwarf;
				ENABLE_STRICT_OBJC_MSGSEND = YES;
				ENABLE_TESTABILITY = YES;
				GCC_C_LANGUAGE_STANDARD = gnu11;
				GCC_DYNAMIC_NO_PIC = NO;
				GCC_NO_COMMON_BLOCKS = YES;
				GCC_OPTIMIZATION_LEVEL = 0;
				GCC_PREPROCESSOR_DEFINITIONS = (
					"DEBUG=1",
					"$(inherited)",
				);
				GCC_WARN_64_TO_32_BIT_CONVERSION = YES;
				GCC_WARN_ABOUT_RETURN_TYPE = YES_ERROR;
				GCC_WARN_UNDECLARED_SELECTOR = YES;
				GCC_WARN_UNINITIALIZED_AUTOS = YES_AGGRESSIVE;
				GCC_WARN_UNUSED_FUNCTION = YES;
				GCC_WARN_UNUSED_VARIABLE = YES;
				IPHONEOS_DEPLOYMENT_TARGET = 16.4;
				MTL_ENABLE_DEBUG_INFO = INCLUDE_SOURCE;
				MTL_FAST_MATH = YES;
				ONLY_ACTIVE_ARCH = YES;
				SDKROOT = iphoneos;
				SWIFT_ACTIVE_COMPILATION_CONDITIONS = DEBUG;
				SWIFT_OPTIMIZATION_LEVEL = "-Onone";
			};
			name = Debug;
		};
		C8C72C332A39DA360025E693 /* Release */ = {
			isa = XCBuildConfiguration;
			buildSettings = {
				ALWAYS_SEARCH_USER_PATHS = NO;
				CLANG_ANALYZER_NONNULL = YES;
				CLANG_ANALYZER_NUMBER_OBJECT_CONVERSION = YES_AGGRESSIVE;
				CLANG_CXX_LANGUAGE_STANDARD = "gnu++20";
				CLANG_ENABLE_MODULES = YES;
				CLANG_ENABLE_OBJC_ARC = YES;
				CLANG_ENABLE_OBJC_WEAK = YES;
				CLANG_WARN_BLOCK_CAPTURE_AUTORELEASING = YES;
				CLANG_WARN_BOOL_CONVERSION = YES;
				CLANG_WARN_COMMA = YES;
				CLANG_WARN_CONSTANT_CONVERSION = YES;
				CLANG_WARN_DEPRECATED_OBJC_IMPLEMENTATIONS = YES;
				CLANG_WARN_DIRECT_OBJC_ISA_USAGE = YES_ERROR;
				CLANG_WARN_DOCUMENTATION_COMMENTS = YES;
				CLANG_WARN_EMPTY_BODY = YES;
				CLANG_WARN_ENUM_CONVERSION = YES;
				CLANG_WARN_INFINITE_RECURSION = YES;
				CLANG_WARN_INT_CONVERSION = YES;
				CLANG_WARN_NON_LITERAL_NULL_CONVERSION = YES;
				CLANG_WARN_OBJC_IMPLICIT_RETAIN_SELF = YES;
				CLANG_WARN_OBJC_LITERAL_CONVERSION = YES;
				CLANG_WARN_OBJC_ROOT_CLASS = YES_ERROR;
				CLANG_WARN_QUOTED_INCLUDE_IN_FRAMEWORK_HEADER = YES;
				CLANG_WARN_RANGE_LOOP_ANALYSIS = YES;
				CLANG_WARN_STRICT_PROTOTYPES = YES;
				CLANG_WARN_SUSPICIOUS_MOVE = YES;
				CLANG_WARN_UNGUARDED_AVAILABILITY = YES_AGGRESSIVE;
				CLANG_WARN_UNREACHABLE_CODE = YES;
				CLANG_WARN__DUPLICATE_METHOD_MATCH = YES;
				COPY_PHASE_STRIP = NO;
				DEBUG_INFORMATION_FORMAT = "dwarf-with-dsym";
				ENABLE_NS_ASSERTIONS = NO;
				ENABLE_STRICT_OBJC_MSGSEND = YES;
				GCC_C_LANGUAGE_STANDARD = gnu11;
				GCC_NO_COMMON_BLOCKS = YES;
				GCC_WARN_64_TO_32_BIT_CONVERSION = YES;
				GCC_WARN_ABOUT_RETURN_TYPE = YES_ERROR;
				GCC_WARN_UNDECLARED_SELECTOR = YES;
				GCC_WARN_UNINITIALIZED_AUTOS = YES_AGGRESSIVE;
				GCC_WARN_UNUSED_FUNCTION = YES;
				GCC_WARN_UNUSED_VARIABLE = YES;
				IPHONEOS_DEPLOYMENT_TARGET = 16.4;
				MTL_ENABLE_DEBUG_INFO = NO;
				MTL_FAST_MATH = YES;
				SDKROOT = iphoneos;
				SWIFT_COMPILATION_MODE = wholemodule;
				SWIFT_OPTIMIZATION_LEVEL = "-O";
				VALIDATE_PRODUCT = YES;
			};
			name = Release;
		};
		C8C72C352A39DA360025E693 /* Debug */ = {
			isa = XCBuildConfiguration;
			baseConfigurationReference = E9C8B595076B3945BA1BAAC2 /* Pods-Murmur.debug.xcconfig */;
			buildSettings = {
				ASSETCATALOG_COMPILER_APPICON_NAME = AppIcon;
				ASSETCATALOG_COMPILER_GLOBAL_ACCENT_COLOR_NAME = AccentColor;
				CODE_SIGN_STYLE = Automatic;
				CURRENT_PROJECT_VERSION = 1;
				DEVELOPMENT_TEAM = 8MUTKC7BV7;
				GENERATE_INFOPLIST_FILE = YES;
				INFOPLIST_FILE = Murmur/Info.plist;
				INFOPLIST_KEY_UIApplicationSupportsIndirectInputEvents = YES;
				INFOPLIST_KEY_UILaunchStoryboardName = LaunchScreen;
				INFOPLIST_KEY_UIMainStoryboardFile = Main;
				INFOPLIST_KEY_UISupportedInterfaceOrientations_iPad = "UIInterfaceOrientationPortrait UIInterfaceOrientationPortraitUpsideDown UIInterfaceOrientationLandscapeLeft UIInterfaceOrientationLandscapeRight";
				INFOPLIST_KEY_UISupportedInterfaceOrientations_iPhone = "UIInterfaceOrientationPortrait UIInterfaceOrientationLandscapeLeft UIInterfaceOrientationLandscapeRight";
				IPHONEOS_DEPLOYMENT_TARGET = 15.0;
				LD_RUNPATH_SEARCH_PATHS = (
					"$(inherited)",
					"@executable_path/Frameworks",
				);
				MARKETING_VERSION = 1.0;
				PRODUCT_BUNDLE_IDENTIFIER = cleopatra.Murmur;
				PRODUCT_NAME = "$(TARGET_NAME)";
				SWIFT_EMIT_LOC_STRINGS = YES;
				SWIFT_VERSION = 5.0;
				TARGETED_DEVICE_FAMILY = "1,2";
			};
			name = Debug;
		};
		C8C72C362A39DA360025E693 /* Release */ = {
			isa = XCBuildConfiguration;
			baseConfigurationReference = D51D7A4E17E030FDC9A09813 /* Pods-Murmur.release.xcconfig */;
			buildSettings = {
				ASSETCATALOG_COMPILER_APPICON_NAME = AppIcon;
				ASSETCATALOG_COMPILER_GLOBAL_ACCENT_COLOR_NAME = AccentColor;
				CODE_SIGN_STYLE = Automatic;
				CURRENT_PROJECT_VERSION = 1;
				DEVELOPMENT_TEAM = 8MUTKC7BV7;
				GENERATE_INFOPLIST_FILE = YES;
				INFOPLIST_FILE = Murmur/Info.plist;
				INFOPLIST_KEY_UIApplicationSupportsIndirectInputEvents = YES;
				INFOPLIST_KEY_UILaunchStoryboardName = LaunchScreen;
				INFOPLIST_KEY_UIMainStoryboardFile = Main;
				INFOPLIST_KEY_UISupportedInterfaceOrientations_iPad = "UIInterfaceOrientationPortrait UIInterfaceOrientationPortraitUpsideDown UIInterfaceOrientationLandscapeLeft UIInterfaceOrientationLandscapeRight";
				INFOPLIST_KEY_UISupportedInterfaceOrientations_iPhone = "UIInterfaceOrientationPortrait UIInterfaceOrientationLandscapeLeft UIInterfaceOrientationLandscapeRight";
				IPHONEOS_DEPLOYMENT_TARGET = 15.0;
				LD_RUNPATH_SEARCH_PATHS = (
					"$(inherited)",
					"@executable_path/Frameworks",
				);
				MARKETING_VERSION = 1.0;
				PRODUCT_BUNDLE_IDENTIFIER = cleopatra.Murmur;
				PRODUCT_NAME = "$(TARGET_NAME)";
				SWIFT_EMIT_LOC_STRINGS = YES;
				SWIFT_VERSION = 5.0;
				TARGETED_DEVICE_FAMILY = "1,2";
			};
			name = Release;
		};
/* End XCBuildConfiguration section */

/* Begin XCConfigurationList section */
		C8C72C1B2A39DA350025E693 /* Build configuration list for PBXProject "Murmur" */ = {
			isa = XCConfigurationList;
			buildConfigurations = (
				C8C72C322A39DA360025E693 /* Debug */,
				C8C72C332A39DA360025E693 /* Release */,
			);
			defaultConfigurationIsVisible = 0;
			defaultConfigurationName = Release;
		};
		C8C72C342A39DA360025E693 /* Build configuration list for PBXNativeTarget "Murmur" */ = {
			isa = XCConfigurationList;
			buildConfigurations = (
				C8C72C352A39DA360025E693 /* Debug */,
				C8C72C362A39DA360025E693 /* Release */,
			);
			defaultConfigurationIsVisible = 0;
			defaultConfigurationName = Release;
		};
/* End XCConfigurationList section */
	};
	rootObject = C8C72C182A39DA350025E693 /* Project object */;
}
