// !$*UTF8*$!
{
	archiveVersion = 1;
	classes = {
	};
	objectVersion = 56;
	objects = {

/* Begin PBXBuildFile section */
		C8120E552A6CCB640060D883 /* HighlightButton.swift in Sources */ = {isa = PBXBuildFile; fileRef = C8120E542A6CCB640060D883 /* HighlightButton.swift */; };
		C813439A2A47E5D700F685F8 /* UIViewController_Extension.swift in Sources */ = {isa = PBXBuildFile; fileRef = C81343992A47E5D700F685F8 /* UIViewController_Extension.swift */; };
		C8212C5C2A5DAFC1006D2073 /* LaunchScreen.storyboard in Resources */ = {isa = PBXBuildFile; fileRef = C8212C5B2A5DAFC1006D2073 /* LaunchScreen.storyboard */; };
		C8212C5E2A5DB394006D2073 /* LogoNameFlash.json in Resources */ = {isa = PBXBuildFile; fileRef = C8212C5D2A5DB394006D2073 /* LogoNameFlash.json */; };
		C8212C602A5EBE6C006D2073 /* PostDetailsPopupView.swift in Sources */ = {isa = PBXBuildFile; fileRef = C8212C5F2A5EBE6C006D2073 /* PostDetailsPopupView.swift */; };
		C8212C622A5EC4FC006D2073 /* TagCollectionViewCell.swift in Sources */ = {isa = PBXBuildFile; fileRef = C8212C612A5EC4FC006D2073 /* TagCollectionViewCell.swift */; };
		C82687442A4EC0F500237D68 /* SettingViewController.swift in Sources */ = {isa = PBXBuildFile; fileRef = C82687432A4EC0F500237D68 /* SettingViewController.swift */; };
		C831F7C62A4592AA004A9A6F /* ChatViewController.swift in Sources */ = {isa = PBXBuildFile; fileRef = C831F7C52A4592AA004A9A6F /* ChatViewController.swift */; };
		C831F7C82A459CAC004A9A6F /* ChatRoomTableViewCell.swift in Sources */ = {isa = PBXBuildFile; fileRef = C831F7C72A459CAC004A9A6F /* ChatRoomTableViewCell.swift */; };
		C83CFAE62A6E5A78000AC6DB /* FirebaseManager.swift in Sources */ = {isa = PBXBuildFile; fileRef = C83CFAE52A6E5A78000AC6DB /* FirebaseManager.swift */; };
		C840F45B2A3F6F7B000604E6 /* FirebaseModel.swift in Sources */ = {isa = PBXBuildFile; fileRef = C840F45A2A3F6F7B000604E6 /* FirebaseModel.swift */; };
		C8499F412A4009E00019D83F /* GoogleService-Info.plist in Resources */ = {isa = PBXBuildFile; fileRef = C8499F402A4009E00019D83F /* GoogleService-Info.plist */; };
		C8499F432A4093B60019D83F /* DialogAnnotationView.swift in Sources */ = {isa = PBXBuildFile; fileRef = C8499F422A4093B60019D83F /* DialogAnnotationView.swift */; };
		C8859D922A59464B00C5B62A /* ProgressCircleView.swift in Sources */ = {isa = PBXBuildFile; fileRef = C8859D912A59464B00C5B62A /* ProgressCircleView.swift */; };
		C8A0EF242A633A4300B79B16 /* PostTagCollectionReusableHeaderView.swift in Sources */ = {isa = PBXBuildFile; fileRef = C8A0EF232A633A4300B79B16 /* PostTagCollectionReusableHeaderView.swift */; };
		C8A0EF262A6391E400B79B16 /* PostTagCollectionReusableFooterView.swift in Sources */ = {isa = PBXBuildFile; fileRef = C8A0EF252A6391E400B79B16 /* PostTagCollectionReusableFooterView.swift */; };
		C8A6CBDB2A3D99B90089ED5C /* IdentifiablePlace.swift in Sources */ = {isa = PBXBuildFile; fileRef = C8A6CBDA2A3D99B90089ED5C /* IdentifiablePlace.swift */; };
		C8A6CBDD2A3D9EA90089ED5C /* CustomAnnotationView.swift in Sources */ = {isa = PBXBuildFile; fileRef = C8A6CBDC2A3D9EA90089ED5C /* CustomAnnotationView.swift */; };
		C8A9FD092A4FDEAD00FF6966 /* CustomNavigationController.swift in Sources */ = {isa = PBXBuildFile; fileRef = C8A9FD082A4FDEAD00FF6966 /* CustomNavigationController.swift */; };
		C8ABD8412A43EA1400B76ADC /* UserMeChatTableViewCell.swift in Sources */ = {isa = PBXBuildFile; fileRef = C8ABD8402A43EA1400B76ADC /* UserMeChatTableViewCell.swift */; };
		C8ABD8432A43EA5800B76ADC /* UserTheOtherTableViewCell.swift in Sources */ = {isa = PBXBuildFile; fileRef = C8ABD8422A43EA5800B76ADC /* UserTheOtherTableViewCell.swift */; };
		C8ABD8452A43FCA100B76ADC /* MessageTypeTextField.swift in Sources */ = {isa = PBXBuildFile; fileRef = C8ABD8442A43FCA100B76ADC /* MessageTypeTextField.swift */; };
		C8AC51242A53C95100EA58B9 /* SignUpEmailViewController.swift in Sources */ = {isa = PBXBuildFile; fileRef = C8AC51232A53C95100EA58B9 /* SignUpEmailViewController.swift */; };
		C8AC51262A53C97100EA58B9 /* SignUpNickNameViewController.swift in Sources */ = {isa = PBXBuildFile; fileRef = C8AC51252A53C97100EA58B9 /* SignUpNickNameViewController.swift */; };
		C8AC51282A53C9A700EA58B9 /* SignInViewController.swift in Sources */ = {isa = PBXBuildFile; fileRef = C8AC51272A53C9A700EA58B9 /* SignInViewController.swift */; };
		C8ADBC292A3C6A730085BAD3 /* LocationMessageViewController.swift in Sources */ = {isa = PBXBuildFile; fileRef = C8ADBC282A3C6A730085BAD3 /* LocationMessageViewController.swift */; };
		C8ADDECB2A4D7A3E00C9069D /* UIColor_Extension.swift in Sources */ = {isa = PBXBuildFile; fileRef = C8ADDECA2A4D7A3E00C9069D /* UIColor_Extension.swift */; };
		C8AE44C12A6055000058EDEF /* CaveatBrush-Regular.ttf in Resources */ = {isa = PBXBuildFile; fileRef = C8AE44C02A6055000058EDEF /* CaveatBrush-Regular.ttf */; };
		C8AE44C92A6062F90058EDEF /* LogoMessageTyping.json in Resources */ = {isa = PBXBuildFile; fileRef = C8AE44C82A6062F90058EDEF /* LogoMessageTyping.json */; };
		C8AE775C2A3F0EE40027CB0D /* PostTagViewController.swift in Sources */ = {isa = PBXBuildFile; fileRef = C8AE775B2A3F0EE40027CB0D /* PostTagViewController.swift */; };
		C8AE775E2A3F4D760027CB0D /* TagButton.swift in Sources */ = {isa = PBXBuildFile; fileRef = C8AE775D2A3F4D760027CB0D /* TagButton.swift */; };
		C8AF2DB32A41430900B703E8 /* InsideMessageAnnotation.swift in Sources */ = {isa = PBXBuildFile; fileRef = C8AF2DB22A41430900B703E8 /* InsideMessageAnnotation.swift */; };
		C8AF2DB52A4145A300B703E8 /* OutsideMessageAnnotation.swift in Sources */ = {isa = PBXBuildFile; fileRef = C8AF2DB42A4145A300B703E8 /* OutsideMessageAnnotation.swift */; };
		C8AF2DB72A414EB900B703E8 /* MeAnnotationView.swift in Sources */ = {isa = PBXBuildFile; fileRef = C8AF2DB62A414EB900B703E8 /* MeAnnotationView.swift */; };
		C8AF2DBB2A415BBF00B703E8 /* OtherUsersAnnotationView.swift in Sources */ = {isa = PBXBuildFile; fileRef = C8AF2DBA2A415BBF00B703E8 /* OtherUsersAnnotationView.swift */; };
		C8AF2DBD2A415DE300B703E8 /* OtherUsersAnnotation.swift in Sources */ = {isa = PBXBuildFile; fileRef = C8AF2DBC2A415DE300B703E8 /* OtherUsersAnnotation.swift */; };
		C8B007562A49EBE000049FA0 /* SegmentButtonTableViewCell.swift in Sources */ = {isa = PBXBuildFile; fileRef = C8B007552A49EBE000049FA0 /* SegmentButtonTableViewCell.swift */; };
		C8B007582A4AB37800049FA0 /* UILabel_Extension.swift in Sources */ = {isa = PBXBuildFile; fileRef = C8B007572A4AB37800049FA0 /* UILabel_Extension.swift */; };
		C8B0075A2A4AC52500049FA0 /* ProfileTableViewCell.swift in Sources */ = {isa = PBXBuildFile; fileRef = C8B007592A4AC52500049FA0 /* ProfileTableViewCell.swift */; };
		C8B0075C2A4ACD2800049FA0 /* PostsOfMurmursViewController.swift in Sources */ = {isa = PBXBuildFile; fileRef = C8B0075B2A4ACD2800049FA0 /* PostsOfMurmursViewController.swift */; };
		C8B51EA02A959B4900114462 /* UITabBar_Extension.swift in Sources */ = {isa = PBXBuildFile; fileRef = C8B51E9F2A959B4900114462 /* UITabBar_Extension.swift */; };
		C8B627EA2A56A309002327D5 /* TimeStamp_Extension.swift in Sources */ = {isa = PBXBuildFile; fileRef = C8B627E92A56A309002327D5 /* TimeStamp_Extension.swift */; };
		C8B627EC2A56C04E002327D5 /* newStore.swift in Sources */ = {isa = PBXBuildFile; fileRef = C8B627EB2A56C04E002327D5 /* newStore.swift */; };
		C8BA32052A5B3E9A00B47C06 /* ChatRoomBaseViewController2.swift in Sources */ = {isa = PBXBuildFile; fileRef = C8BA32042A5B3E9A00B47C06 /* ChatRoomBaseViewController2.swift */; };
		C8BA477B2A5D9FEF002D3ADC /* LogoMessageBorn.json in Resources */ = {isa = PBXBuildFile; fileRef = C8BA477A2A5D9FEF002D3ADC /* LogoMessageBorn.json */; };
		C8BA477F2A5DA7B3002D3ADC /* LaunchScreenViewController.swift in Sources */ = {isa = PBXBuildFile; fileRef = C8BA477E2A5DA7B3002D3ADC /* LaunchScreenViewController.swift */; };
		C8BAE6DF2A45D57300ED6941 /* SearchBarTableHeaderView.swift in Sources */ = {isa = PBXBuildFile; fileRef = C8BAE6DE2A45D57300ED6941 /* SearchBarTableHeaderView.swift */; };
		C8BAE6E22A464BE600ED6941 /* InitialViewController.swift in Sources */ = {isa = PBXBuildFile; fileRef = C8BAE6E12A464BE600ED6941 /* InitialViewController.swift */; };
		C8C3A0952A48342A000E967D /* UIView_Extension.swift in Sources */ = {isa = PBXBuildFile; fileRef = C8C3A0942A48342A000E967D /* UIView_Extension.swift */; };
		C8C4DD4F2A3AE3C90037B4F5 /* ChatRoomViewController.swift in Sources */ = {isa = PBXBuildFile; fileRef = C8C4DD4E2A3AE3C90037B4F5 /* ChatRoomViewController.swift */; };
		C8C4DD512A3AE3F30037B4F5 /* PostViewController.swift in Sources */ = {isa = PBXBuildFile; fileRef = C8C4DD502A3AE3F30037B4F5 /* PostViewController.swift */; };
		C8C4DD532A3AE4020037B4F5 /* ProfileViewController.swift in Sources */ = {isa = PBXBuildFile; fileRef = C8C4DD522A3AE4020037B4F5 /* ProfileViewController.swift */; };
		C8C55F9C2A48A9CA00FAE03E /* ChatRoomBaseViewController.swift in Sources */ = {isa = PBXBuildFile; fileRef = C8C55F9B2A48A9CA00FAE03E /* ChatRoomBaseViewController.swift */; };
		C8C72C242A39DA350025E693 /* AppDelegate.swift in Sources */ = {isa = PBXBuildFile; fileRef = C8C72C232A39DA350025E693 /* AppDelegate.swift */; };
		C8C72C262A39DA350025E693 /* SceneDelegate.swift in Sources */ = {isa = PBXBuildFile; fileRef = C8C72C252A39DA350025E693 /* SceneDelegate.swift */; };
		C8C72C282A39DA350025E693 /* HomePageViewController.swift in Sources */ = {isa = PBXBuildFile; fileRef = C8C72C272A39DA350025E693 /* HomePageViewController.swift */; };
		C8C72C2B2A39DA350025E693 /* Main.storyboard in Resources */ = {isa = PBXBuildFile; fileRef = C8C72C292A39DA350025E693 /* Main.storyboard */; };
		C8C72C2D2A39DA360025E693 /* Assets.xcassets in Resources */ = {isa = PBXBuildFile; fileRef = C8C72C2C2A39DA360025E693 /* Assets.xcassets */; };
		C8C7F4142A9A623D0011AD46 /* PopupViewController.swift in Sources */ = {isa = PBXBuildFile; fileRef = C8C7F4132A9A623D0011AD46 /* PopupViewController.swift */; };
		C8CABECC2A8779FB007947E0 /* ChatRoomPresentViewController.swift in Sources */ = {isa = PBXBuildFile; fileRef = C8CABECB2A8779FB007947E0 /* ChatRoomPresentViewController.swift */; };
		C8CC5A882A54B1AF006E3C8D /* Pacman.json in Resources */ = {isa = PBXBuildFile; fileRef = C8CC5A872A54B1AF006E3C8D /* Pacman.json */; };
		C8CC88C32A3D3FEE0090DD86 /* NearbyUsersViewController.swift in Sources */ = {isa = PBXBuildFile; fileRef = C8CC88C22A3D3FEE0090DD86 /* NearbyUsersViewController.swift */; };
		C8CE206E2A63CFB500448A99 /* SelectedTagCollectionViewCell.swift in Sources */ = {isa = PBXBuildFile; fileRef = C8CE206D2A63CFB500448A99 /* SelectedTagCollectionViewCell.swift */; };
		C8CE20702A640FDE00448A99 /* TagCollecionCell1.swift in Sources */ = {isa = PBXBuildFile; fileRef = C8CE206F2A640FDE00448A99 /* TagCollecionCell1.swift */; };
		C8CE20722A643A1D00448A99 /* TagCollectionViewFlowLayout.swift in Sources */ = {isa = PBXBuildFile; fileRef = C8CE20712A643A1D00448A99 /* TagCollectionViewFlowLayout.swift */; };
		C8CEADD32A4F2772006163EB /* CustomTabBarController.swift in Sources */ = {isa = PBXBuildFile; fileRef = C8CEADD22A4F2772006163EB /* CustomTabBarController.swift */; };
		C8F041EA2A4B3D6F0044BE9C /* FootPrintViewController.swift in Sources */ = {isa = PBXBuildFile; fileRef = C8F041E92A4B3D6F0044BE9C /* FootPrintViewController.swift */; };
		C8F041EC2A4B41180044BE9C /* PostsCollectionViewCell.swift in Sources */ = {isa = PBXBuildFile; fileRef = C8F041EB2A4B41180044BE9C /* PostsCollectionViewCell.swift */; };
		C8F041EE2A4B49310044BE9C /* ScrollTableViewCell.swift in Sources */ = {isa = PBXBuildFile; fileRef = C8F041ED2A4B49310044BE9C /* ScrollTableViewCell.swift */; };
		C8F041F12A4B72E20044BE9C /* CALayer_Extension.swift in Sources */ = {isa = PBXBuildFile; fileRef = C8F041F02A4B72E20044BE9C /* CALayer_Extension.swift */; };
		C8F5B3152A41B6E200478D2E /* MeAnnotation.swift in Sources */ = {isa = PBXBuildFile; fileRef = C8F5B3142A41B6E200478D2E /* MeAnnotation.swift */; };
		C8FF7BD82A55543E00E18616 /* SelfSizingTableView.swift in Sources */ = {isa = PBXBuildFile; fileRef = C8FF7BD72A55543E00E18616 /* SelfSizingTableView.swift */; };
		DC450CD07D10418D1E75917C /* Pods_Murmur.framework in Frameworks */ = {isa = PBXBuildFile; fileRef = BFED62B540DE4FED81F92323 /* Pods_Murmur.framework */; };
/* End PBXBuildFile section */

/* Begin PBXFileReference section */
		BFED62B540DE4FED81F92323 /* Pods_Murmur.framework */ = {isa = PBXFileReference; explicitFileType = wrapper.framework; includeInIndex = 0; path = Pods_Murmur.framework; sourceTree = BUILT_PRODUCTS_DIR; };
		C8120E542A6CCB640060D883 /* HighlightButton.swift */ = {isa = PBXFileReference; lastKnownFileType = sourcecode.swift; path = HighlightButton.swift; sourceTree = SOURCE_ROOT; };
		C81343992A47E5D700F685F8 /* UIViewController_Extension.swift */ = {isa = PBXFileReference; lastKnownFileType = sourcecode.swift; path = UIViewController_Extension.swift; sourceTree = "<group>"; };
		C8212C5B2A5DAFC1006D2073 /* LaunchScreen.storyboard */ = {isa = PBXFileReference; lastKnownFileType = file.storyboard; path = LaunchScreen.storyboard; sourceTree = "<group>"; };
		C8212C5D2A5DB394006D2073 /* LogoNameFlash.json */ = {isa = PBXFileReference; fileEncoding = 4; lastKnownFileType = text.json; path = LogoNameFlash.json; sourceTree = "<group>"; };
		C8212C5F2A5EBE6C006D2073 /* PostDetailsPopupView.swift */ = {isa = PBXFileReference; lastKnownFileType = sourcecode.swift; path = PostDetailsPopupView.swift; sourceTree = "<group>"; };
		C8212C612A5EC4FC006D2073 /* TagCollectionViewCell.swift */ = {isa = PBXFileReference; lastKnownFileType = sourcecode.swift; path = TagCollectionViewCell.swift; sourceTree = "<group>"; };
		C82687432A4EC0F500237D68 /* SettingViewController.swift */ = {isa = PBXFileReference; lastKnownFileType = sourcecode.swift; path = SettingViewController.swift; sourceTree = "<group>"; };
		C831F7C52A4592AA004A9A6F /* ChatViewController.swift */ = {isa = PBXFileReference; lastKnownFileType = sourcecode.swift; path = ChatViewController.swift; sourceTree = "<group>"; };
		C831F7C72A459CAC004A9A6F /* ChatRoomTableViewCell.swift */ = {isa = PBXFileReference; lastKnownFileType = sourcecode.swift; path = ChatRoomTableViewCell.swift; sourceTree = "<group>"; };
		C83CFAE52A6E5A78000AC6DB /* FirebaseManager.swift */ = {isa = PBXFileReference; lastKnownFileType = sourcecode.swift; path = FirebaseManager.swift; sourceTree = "<group>"; };
		C840F45A2A3F6F7B000604E6 /* FirebaseModel.swift */ = {isa = PBXFileReference; lastKnownFileType = sourcecode.swift; path = FirebaseModel.swift; sourceTree = "<group>"; };
		C8499F402A4009E00019D83F /* GoogleService-Info.plist */ = {isa = PBXFileReference; fileEncoding = 4; lastKnownFileType = text.plist.xml; path = "GoogleService-Info.plist"; sourceTree = "<group>"; };
		C8499F422A4093B60019D83F /* DialogAnnotationView.swift */ = {isa = PBXFileReference; lastKnownFileType = sourcecode.swift; path = DialogAnnotationView.swift; sourceTree = "<group>"; };
		C8859D912A59464B00C5B62A /* ProgressCircleView.swift */ = {isa = PBXFileReference; lastKnownFileType = sourcecode.swift; path = ProgressCircleView.swift; sourceTree = "<group>"; };
		C8A0EF232A633A4300B79B16 /* PostTagCollectionReusableHeaderView.swift */ = {isa = PBXFileReference; lastKnownFileType = sourcecode.swift; path = PostTagCollectionReusableHeaderView.swift; sourceTree = "<group>"; };
		C8A0EF252A6391E400B79B16 /* PostTagCollectionReusableFooterView.swift */ = {isa = PBXFileReference; lastKnownFileType = sourcecode.swift; path = PostTagCollectionReusableFooterView.swift; sourceTree = "<group>"; };
		C8A6CBDA2A3D99B90089ED5C /* IdentifiablePlace.swift */ = {isa = PBXFileReference; lastKnownFileType = sourcecode.swift; path = IdentifiablePlace.swift; sourceTree = "<group>"; };
		C8A6CBDC2A3D9EA90089ED5C /* CustomAnnotationView.swift */ = {isa = PBXFileReference; lastKnownFileType = sourcecode.swift; path = CustomAnnotationView.swift; sourceTree = "<group>"; };
		C8A9FD082A4FDEAD00FF6966 /* CustomNavigationController.swift */ = {isa = PBXFileReference; lastKnownFileType = sourcecode.swift; path = CustomNavigationController.swift; sourceTree = "<group>"; };
		C8ABD8402A43EA1400B76ADC /* UserMeChatTableViewCell.swift */ = {isa = PBXFileReference; lastKnownFileType = sourcecode.swift; name = UserMeChatTableViewCell.swift; path = "Murmur/Chat Page/UserMeChatTableViewCell.swift"; sourceTree = SOURCE_ROOT; };
		C8ABD8422A43EA5800B76ADC /* UserTheOtherTableViewCell.swift */ = {isa = PBXFileReference; lastKnownFileType = sourcecode.swift; path = UserTheOtherTableViewCell.swift; sourceTree = "<group>"; };
		C8ABD8442A43FCA100B76ADC /* MessageTypeTextField.swift */ = {isa = PBXFileReference; lastKnownFileType = sourcecode.swift; path = MessageTypeTextField.swift; sourceTree = "<group>"; };
		C8AC51232A53C95100EA58B9 /* SignUpEmailViewController.swift */ = {isa = PBXFileReference; lastKnownFileType = sourcecode.swift; path = SignUpEmailViewController.swift; sourceTree = "<group>"; };
		C8AC51252A53C97100EA58B9 /* SignUpNickNameViewController.swift */ = {isa = PBXFileReference; lastKnownFileType = sourcecode.swift; path = SignUpNickNameViewController.swift; sourceTree = "<group>"; };
		C8AC51272A53C9A700EA58B9 /* SignInViewController.swift */ = {isa = PBXFileReference; lastKnownFileType = sourcecode.swift; path = SignInViewController.swift; sourceTree = "<group>"; };
		C8ADBC282A3C6A730085BAD3 /* LocationMessageViewController.swift */ = {isa = PBXFileReference; lastKnownFileType = sourcecode.swift; path = LocationMessageViewController.swift; sourceTree = "<group>"; };
		C8ADDECA2A4D7A3E00C9069D /* UIColor_Extension.swift */ = {isa = PBXFileReference; lastKnownFileType = sourcecode.swift; path = UIColor_Extension.swift; sourceTree = "<group>"; };
		C8AE44C02A6055000058EDEF /* CaveatBrush-Regular.ttf */ = {isa = PBXFileReference; lastKnownFileType = file; path = "CaveatBrush-Regular.ttf"; sourceTree = "<group>"; };
		C8AE44C82A6062F90058EDEF /* LogoMessageTyping.json */ = {isa = PBXFileReference; fileEncoding = 4; lastKnownFileType = text.json; path = LogoMessageTyping.json; sourceTree = "<group>"; };
		C8AE775B2A3F0EE40027CB0D /* PostTagViewController.swift */ = {isa = PBXFileReference; lastKnownFileType = sourcecode.swift; path = PostTagViewController.swift; sourceTree = "<group>"; };
		C8AE775D2A3F4D760027CB0D /* TagButton.swift */ = {isa = PBXFileReference; lastKnownFileType = sourcecode.swift; name = TagButton.swift; path = Murmur/Model/TagButton.swift; sourceTree = SOURCE_ROOT; };
		C8AF2DB22A41430900B703E8 /* InsideMessageAnnotation.swift */ = {isa = PBXFileReference; lastKnownFileType = sourcecode.swift; path = InsideMessageAnnotation.swift; sourceTree = "<group>"; };
		C8AF2DB42A4145A300B703E8 /* OutsideMessageAnnotation.swift */ = {isa = PBXFileReference; lastKnownFileType = sourcecode.swift; path = OutsideMessageAnnotation.swift; sourceTree = "<group>"; };
		C8AF2DB62A414EB900B703E8 /* MeAnnotationView.swift */ = {isa = PBXFileReference; lastKnownFileType = sourcecode.swift; path = MeAnnotationView.swift; sourceTree = "<group>"; };
		C8AF2DBA2A415BBF00B703E8 /* OtherUsersAnnotationView.swift */ = {isa = PBXFileReference; lastKnownFileType = sourcecode.swift; path = OtherUsersAnnotationView.swift; sourceTree = "<group>"; };
		C8AF2DBC2A415DE300B703E8 /* OtherUsersAnnotation.swift */ = {isa = PBXFileReference; lastKnownFileType = sourcecode.swift; path = OtherUsersAnnotation.swift; sourceTree = "<group>"; };
		C8B007552A49EBE000049FA0 /* SegmentButtonTableViewCell.swift */ = {isa = PBXFileReference; lastKnownFileType = sourcecode.swift; path = SegmentButtonTableViewCell.swift; sourceTree = "<group>"; };
		C8B007572A4AB37800049FA0 /* UILabel_Extension.swift */ = {isa = PBXFileReference; lastKnownFileType = sourcecode.swift; path = UILabel_Extension.swift; sourceTree = "<group>"; };
		C8B007592A4AC52500049FA0 /* ProfileTableViewCell.swift */ = {isa = PBXFileReference; lastKnownFileType = sourcecode.swift; path = ProfileTableViewCell.swift; sourceTree = "<group>"; };
		C8B0075B2A4ACD2800049FA0 /* PostsOfMurmursViewController.swift */ = {isa = PBXFileReference; lastKnownFileType = sourcecode.swift; path = PostsOfMurmursViewController.swift; sourceTree = "<group>"; };
		C8B1EBBA2A61B91B00E1A5A7 /* MurmurDebug.entitlements */ = {isa = PBXFileReference; lastKnownFileType = text.plist.entitlements; path = MurmurDebug.entitlements; sourceTree = "<group>"; };
		C8B51E9F2A959B4900114462 /* UITabBar_Extension.swift */ = {isa = PBXFileReference; lastKnownFileType = sourcecode.swift; path = UITabBar_Extension.swift; sourceTree = "<group>"; };
		C8B627E92A56A309002327D5 /* TimeStamp_Extension.swift */ = {isa = PBXFileReference; lastKnownFileType = sourcecode.swift; path = TimeStamp_Extension.swift; sourceTree = "<group>"; };
		C8B627EB2A56C04E002327D5 /* newStore.swift */ = {isa = PBXFileReference; lastKnownFileType = sourcecode.swift; path = newStore.swift; sourceTree = "<group>"; };
		C8BA32042A5B3E9A00B47C06 /* ChatRoomBaseViewController2.swift */ = {isa = PBXFileReference; lastKnownFileType = sourcecode.swift; name = ChatRoomBaseViewController2.swift; path = Murmur/ChatRoomBaseViewController2.swift; sourceTree = SOURCE_ROOT; };
		C8BA477A2A5D9FEF002D3ADC /* LogoMessageBorn.json */ = {isa = PBXFileReference; fileEncoding = 4; lastKnownFileType = text.json; path = LogoMessageBorn.json; sourceTree = "<group>"; };
		C8BA477E2A5DA7B3002D3ADC /* LaunchScreenViewController.swift */ = {isa = PBXFileReference; lastKnownFileType = sourcecode.swift; path = LaunchScreenViewController.swift; sourceTree = "<group>"; };
		C8BAE6DE2A45D57300ED6941 /* SearchBarTableHeaderView.swift */ = {isa = PBXFileReference; lastKnownFileType = sourcecode.swift; name = SearchBarTableHeaderView.swift; path = Murmur/Model/SearchBarTableHeaderView.swift; sourceTree = SOURCE_ROOT; };
		C8BAE6E12A464BE600ED6941 /* InitialViewController.swift */ = {isa = PBXFileReference; lastKnownFileType = sourcecode.swift; path = InitialViewController.swift; sourceTree = "<group>"; };
		C8C3A0942A48342A000E967D /* UIView_Extension.swift */ = {isa = PBXFileReference; lastKnownFileType = sourcecode.swift; path = UIView_Extension.swift; sourceTree = "<group>"; };
		C8C4DD4D2A3AC1F60037B4F5 /* Murmur.app */ = {isa = PBXFileReference; explicitFileType = wrapper.application; includeInIndex = 0; path = Murmur.app; sourceTree = BUILT_PRODUCTS_DIR; };
		C8C4DD4E2A3AE3C90037B4F5 /* ChatRoomViewController.swift */ = {isa = PBXFileReference; lastKnownFileType = sourcecode.swift; path = ChatRoomViewController.swift; sourceTree = "<group>"; };
		C8C4DD502A3AE3F30037B4F5 /* PostViewController.swift */ = {isa = PBXFileReference; lastKnownFileType = sourcecode.swift; path = PostViewController.swift; sourceTree = "<group>"; };
		C8C4DD522A3AE4020037B4F5 /* ProfileViewController.swift */ = {isa = PBXFileReference; lastKnownFileType = sourcecode.swift; path = ProfileViewController.swift; sourceTree = "<group>"; };
		C8C55F9B2A48A9CA00FAE03E /* ChatRoomBaseViewController.swift */ = {isa = PBXFileReference; lastKnownFileType = sourcecode.swift; path = ChatRoomBaseViewController.swift; sourceTree = "<group>"; };
		C8C72C232A39DA350025E693 /* AppDelegate.swift */ = {isa = PBXFileReference; lastKnownFileType = sourcecode.swift; path = AppDelegate.swift; sourceTree = "<group>"; };
		C8C72C252A39DA350025E693 /* SceneDelegate.swift */ = {isa = PBXFileReference; lastKnownFileType = sourcecode.swift; path = SceneDelegate.swift; sourceTree = "<group>"; };
		C8C72C272A39DA350025E693 /* HomePageViewController.swift */ = {isa = PBXFileReference; lastKnownFileType = sourcecode.swift; path = HomePageViewController.swift; sourceTree = "<group>"; };
		C8C72C2A2A39DA350025E693 /* Base */ = {isa = PBXFileReference; lastKnownFileType = file.storyboard; name = Base; path = Base.lproj/Main.storyboard; sourceTree = "<group>"; };
		C8C72C2C2A39DA360025E693 /* Assets.xcassets */ = {isa = PBXFileReference; lastKnownFileType = folder.assetcatalog; path = Assets.xcassets; sourceTree = "<group>"; };
		C8C72C312A39DA360025E693 /* Info.plist */ = {isa = PBXFileReference; lastKnownFileType = text.plist.xml; path = Info.plist; sourceTree = "<group>"; };
		C8C7F4132A9A623D0011AD46 /* PopupViewController.swift */ = {isa = PBXFileReference; lastKnownFileType = sourcecode.swift; path = PopupViewController.swift; sourceTree = "<group>"; };
		C8CABECB2A8779FB007947E0 /* ChatRoomPresentViewController.swift */ = {isa = PBXFileReference; lastKnownFileType = sourcecode.swift; path = ChatRoomPresentViewController.swift; sourceTree = "<group>"; };
		C8CC5A872A54B1AF006E3C8D /* Pacman.json */ = {isa = PBXFileReference; fileEncoding = 4; lastKnownFileType = text.json; path = Pacman.json; sourceTree = "<group>"; };
		C8CC88C22A3D3FEE0090DD86 /* NearbyUsersViewController.swift */ = {isa = PBXFileReference; lastKnownFileType = sourcecode.swift; path = NearbyUsersViewController.swift; sourceTree = "<group>"; };
		C8CE206D2A63CFB500448A99 /* SelectedTagCollectionViewCell.swift */ = {isa = PBXFileReference; lastKnownFileType = sourcecode.swift; name = SelectedTagCollectionViewCell.swift; path = "Murmur/Post Page/SelectedTagCollectionViewCell.swift"; sourceTree = SOURCE_ROOT; };
		C8CE206F2A640FDE00448A99 /* TagCollecionCell1.swift */ = {isa = PBXFileReference; lastKnownFileType = sourcecode.swift; path = TagCollecionCell1.swift; sourceTree = "<group>"; };
		C8CE20712A643A1D00448A99 /* TagCollectionViewFlowLayout.swift */ = {isa = PBXFileReference; lastKnownFileType = sourcecode.swift; path = TagCollectionViewFlowLayout.swift; sourceTree = "<group>"; };
		C8CEADD22A4F2772006163EB /* CustomTabBarController.swift */ = {isa = PBXFileReference; lastKnownFileType = sourcecode.swift; name = CustomTabBarController.swift; path = Murmur/CustomTabBarController.swift; sourceTree = SOURCE_ROOT; };
		C8E160D42A607142009BE56C /* MurmurRelease.entitlements */ = {isa = PBXFileReference; lastKnownFileType = text.plist.entitlements; path = MurmurRelease.entitlements; sourceTree = "<group>"; };
		C8F041E92A4B3D6F0044BE9C /* FootPrintViewController.swift */ = {isa = PBXFileReference; lastKnownFileType = sourcecode.swift; path = FootPrintViewController.swift; sourceTree = "<group>"; };
		C8F041EB2A4B41180044BE9C /* PostsCollectionViewCell.swift */ = {isa = PBXFileReference; lastKnownFileType = sourcecode.swift; path = PostsCollectionViewCell.swift; sourceTree = "<group>"; };
		C8F041ED2A4B49310044BE9C /* ScrollTableViewCell.swift */ = {isa = PBXFileReference; lastKnownFileType = sourcecode.swift; path = ScrollTableViewCell.swift; sourceTree = "<group>"; };
		C8F041F02A4B72E20044BE9C /* CALayer_Extension.swift */ = {isa = PBXFileReference; lastKnownFileType = sourcecode.swift; name = CALayer_Extension.swift; path = Murmur/Extensions/CALayer_Extension.swift; sourceTree = SOURCE_ROOT; };
		C8F5B3142A41B6E200478D2E /* MeAnnotation.swift */ = {isa = PBXFileReference; lastKnownFileType = sourcecode.swift; path = MeAnnotation.swift; sourceTree = "<group>"; };
		C8FF7BD72A55543E00E18616 /* SelfSizingTableView.swift */ = {isa = PBXFileReference; lastKnownFileType = sourcecode.swift; path = SelfSizingTableView.swift; sourceTree = "<group>"; };
		D51D7A4E17E030FDC9A09813 /* Pods-Murmur.release.xcconfig */ = {isa = PBXFileReference; includeInIndex = 1; lastKnownFileType = text.xcconfig; name = "Pods-Murmur.release.xcconfig"; path = "Target Support Files/Pods-Murmur/Pods-Murmur.release.xcconfig"; sourceTree = "<group>"; };
		E9C8B595076B3945BA1BAAC2 /* Pods-Murmur.debug.xcconfig */ = {isa = PBXFileReference; includeInIndex = 1; lastKnownFileType = text.xcconfig; name = "Pods-Murmur.debug.xcconfig"; path = "Target Support Files/Pods-Murmur/Pods-Murmur.debug.xcconfig"; sourceTree = "<group>"; };
/* End PBXFileReference section */

/* Begin PBXFrameworksBuildPhase section */
		C8C72C1D2A39DA350025E693 /* Frameworks */ = {
			isa = PBXFrameworksBuildPhase;
			buildActionMask = 2147483647;
			files = (
				DC450CD07D10418D1E75917C /* Pods_Murmur.framework in Frameworks */,
			);
			runOnlyForDeploymentPostprocessing = 0;
		};
/* End PBXFrameworksBuildPhase section */

/* Begin PBXGroup section */
		37FF0A8CEE831EE25FAFCB7C /* Frameworks */ = {
			isa = PBXGroup;
			children = (
				BFED62B540DE4FED81F92323 /* Pods_Murmur.framework */,
			);
			name = Frameworks;
			sourceTree = "<group>";
		};
		C363AD4F805F687B9333EE1A /* Pods */ = {
			isa = PBXGroup;
			children = (
				E9C8B595076B3945BA1BAAC2 /* Pods-Murmur.debug.xcconfig */,
				D51D7A4E17E030FDC9A09813 /* Pods-Murmur.release.xcconfig */,
			);
			path = Pods;
			sourceTree = "<group>";
		};
		C83CFAE72A6E5A81000AC6DB /* Manager */ = {
			isa = PBXGroup;
			children = (
				C83CFAE52A6E5A78000AC6DB /* FirebaseManager.swift */,
			);
			path = Manager;
			sourceTree = "<group>";
		};
		C8ABD83F2A43E9C900B76ADC /* Chat Page */ = {
			isa = PBXGroup;
			children = (
				C831F7C52A4592AA004A9A6F /* ChatViewController.swift */,
				C8B627EB2A56C04E002327D5 /* newStore.swift */,
				C8B627E92A56A309002327D5 /* TimeStamp_Extension.swift */,
				C8C4DD4E2A3AE3C90037B4F5 /* ChatRoomViewController.swift */,
				C8C55F9B2A48A9CA00FAE03E /* ChatRoomBaseViewController.swift */,
				C8CABECB2A8779FB007947E0 /* ChatRoomPresentViewController.swift */,
				C8BA32042A5B3E9A00B47C06 /* ChatRoomBaseViewController2.swift */,
				C8ABD8402A43EA1400B76ADC /* UserMeChatTableViewCell.swift */,
				C8ABD8422A43EA5800B76ADC /* UserTheOtherTableViewCell.swift */,
				C831F7C72A459CAC004A9A6F /* ChatRoomTableViewCell.swift */,
			);
			path = "Chat Page";
			sourceTree = "<group>";
		};
		C8ADDEC92A4D7A0B00C9069D /* Extensions */ = {
			isa = PBXGroup;
			children = (
				C8B51E9F2A959B4900114462 /* UITabBar_Extension.swift */,
				C81343992A47E5D700F685F8 /* UIViewController_Extension.swift */,
				C8C3A0942A48342A000E967D /* UIView_Extension.swift */,
				C8B007572A4AB37800049FA0 /* UILabel_Extension.swift */,
				C8F041F02A4B72E20044BE9C /* CALayer_Extension.swift */,
				C8ADDECA2A4D7A3E00C9069D /* UIColor_Extension.swift */,
			);
			path = Extensions;
			sourceTree = "<group>";
		};
		C8AF2DB82A41559200B703E8 /* Post Page */ = {
			isa = PBXGroup;
			children = (
				C8CE206D2A63CFB500448A99 /* SelectedTagCollectionViewCell.swift */,
				C8CE20712A643A1D00448A99 /* TagCollectionViewFlowLayout.swift */,
				C8212C612A5EC4FC006D2073 /* TagCollectionViewCell.swift */,
				C8CE206F2A640FDE00448A99 /* TagCollecionCell1.swift */,
				C8AE775B2A3F0EE40027CB0D /* PostTagViewController.swift */,
				C8A0EF232A633A4300B79B16 /* PostTagCollectionReusableHeaderView.swift */,
				C8A0EF252A6391E400B79B16 /* PostTagCollectionReusableFooterView.swift */,
				C8C4DD502A3AE3F30037B4F5 /* PostViewController.swift */,
			);
			path = "Post Page";
			sourceTree = "<group>";
		};
		C8AF2DB92A4155AB00B703E8 /* Model */ = {
			isa = PBXGroup;
			children = (
				C840F45A2A3F6F7B000604E6 /* FirebaseModel.swift */,
				C8FF7BD72A55543E00E18616 /* SelfSizingTableView.swift */,
				C8ABD8442A43FCA100B76ADC /* MessageTypeTextField.swift */,
				C8BAE6DE2A45D57300ED6941 /* SearchBarTableHeaderView.swift */,
				C8AF2DB62A414EB900B703E8 /* MeAnnotationView.swift */,
				C8AF2DBA2A415BBF00B703E8 /* OtherUsersAnnotationView.swift */,
				C8AF2DB22A41430900B703E8 /* InsideMessageAnnotation.swift */,
				C8F5B3142A41B6E200478D2E /* MeAnnotation.swift */,
				C8AF2DB42A4145A300B703E8 /* OutsideMessageAnnotation.swift */,
				C8AF2DBC2A415DE300B703E8 /* OtherUsersAnnotation.swift */,
				C8499F422A4093B60019D83F /* DialogAnnotationView.swift */,
				C8A6CBDC2A3D9EA90089ED5C /* CustomAnnotationView.swift */,
				C8A6CBDA2A3D99B90089ED5C /* IdentifiablePlace.swift */,
				C8AE775D2A3F4D760027CB0D /* TagButton.swift */,
				C8AE44C02A6055000058EDEF /* CaveatBrush-Regular.ttf */,
			);
			path = Model;
			sourceTree = "<group>";
		};
		C8BAE6E02A46463400ED6941 /* Home Page */ = {
			isa = PBXGroup;
			children = (
				C8ADBC282A3C6A730085BAD3 /* LocationMessageViewController.swift */,
				C8C72C272A39DA350025E693 /* HomePageViewController.swift */,
				C8CC88C22A3D3FEE0090DD86 /* NearbyUsersViewController.swift */,
			);
			path = "Home Page";
			sourceTree = "<group>";
		};
		C8C72C172A39DA350025E693 = {
			isa = PBXGroup;
			children = (
				C8C7F4132A9A623D0011AD46 /* PopupViewController.swift */,
				C8BA477E2A5DA7B3002D3ADC /* LaunchScreenViewController.swift */,
				C8212C5F2A5EBE6C006D2073 /* PostDetailsPopupView.swift */,
				C8859D912A59464B00C5B62A /* ProgressCircleView.swift */,
				C8C72C222A39DA350025E693 /* Murmur */,
				C8C4DD4D2A3AC1F60037B4F5 /* Murmur.app */,
				C363AD4F805F687B9333EE1A /* Pods */,
				37FF0A8CEE831EE25FAFCB7C /* Frameworks */,
			);
			sourceTree = "<group>";
		};
		C8C72C222A39DA350025E693 /* Murmur */ = {
			isa = PBXGroup;
			children = (
				C83CFAE72A6E5A81000AC6DB /* Manager */,
				C8120E542A6CCB640060D883 /* HighlightButton.swift */,
				C8B1EBBA2A61B91B00E1A5A7 /* MurmurDebug.entitlements */,
				C8E160D42A607142009BE56C /* MurmurRelease.entitlements */,
				C8CC5A862A54B19D006E3C8D /* Lottie */,
				C8A9FD082A4FDEAD00FF6966 /* CustomNavigationController.swift */,
				C8CEADD22A4F2772006163EB /* CustomTabBarController.swift */,
				C82687432A4EC0F500237D68 /* SettingViewController.swift */,
				C8ADDEC92A4D7A0B00C9069D /* Extensions */,
				C8F041EF2A4B5EAE0044BE9C /* Profile Page */,
				C8BAE6E12A464BE600ED6941 /* InitialViewController.swift */,
				C8AC51232A53C95100EA58B9 /* SignUpEmailViewController.swift */,
				C8AC51252A53C97100EA58B9 /* SignUpNickNameViewController.swift */,
				C8AC51272A53C9A700EA58B9 /* SignInViewController.swift */,
				C8BAE6E02A46463400ED6941 /* Home Page */,
				C8ABD83F2A43E9C900B76ADC /* Chat Page */,
				C8AF2DB92A4155AB00B703E8 /* Model */,
				C8AF2DB82A41559200B703E8 /* Post Page */,
				C8C72C232A39DA350025E693 /* AppDelegate.swift */,
				C8C72C252A39DA350025E693 /* SceneDelegate.swift */,
				C8C72C292A39DA350025E693 /* Main.storyboard */,
				C8212C5B2A5DAFC1006D2073 /* LaunchScreen.storyboard */,
				C8C72C2C2A39DA360025E693 /* Assets.xcassets */,
				C8499F402A4009E00019D83F /* GoogleService-Info.plist */,
				C8C72C312A39DA360025E693 /* Info.plist */,
			);
			path = Murmur;
			sourceTree = "<group>";
		};
		C8CC5A862A54B19D006E3C8D /* Lottie */ = {
			isa = PBXGroup;
			children = (
				C8AE44C82A6062F90058EDEF /* LogoMessageTyping.json */,
				C8BA477A2A5D9FEF002D3ADC /* LogoMessageBorn.json */,
				C8CC5A872A54B1AF006E3C8D /* Pacman.json */,
				C8212C5D2A5DB394006D2073 /* LogoNameFlash.json */,
			);
			path = Lottie;
			sourceTree = "<group>";
		};
		C8F041EF2A4B5EAE0044BE9C /* Profile Page */ = {
			isa = PBXGroup;
			children = (
				C8C4DD522A3AE4020037B4F5 /* ProfileViewController.swift */,
				C8F041ED2A4B49310044BE9C /* ScrollTableViewCell.swift */,
				C8B0075B2A4ACD2800049FA0 /* PostsOfMurmursViewController.swift */,
				C8B007592A4AC52500049FA0 /* ProfileTableViewCell.swift */,
				C8F041EB2A4B41180044BE9C /* PostsCollectionViewCell.swift */,
				C8F041E92A4B3D6F0044BE9C /* FootPrintViewController.swift */,
				C8B007552A49EBE000049FA0 /* SegmentButtonTableViewCell.swift */,
			);
			path = "Profile Page";
			sourceTree = "<group>";
		};
/* End PBXGroup section */

/* Begin PBXNativeTarget section */
		C8C72C1F2A39DA350025E693 /* Murmur */ = {
			isa = PBXNativeTarget;
			buildConfigurationList = C8C72C342A39DA360025E693 /* Build configuration list for PBXNativeTarget "Murmur" */;
			buildPhases = (
				F748ACBFE787A5DC9AB88189 /* [CP] Check Pods Manifest.lock */,
				C8FF94042A3AA49600B632EF /* ShellScript */,
				C8C72C1C2A39DA350025E693 /* Sources */,
				C8C72C1D2A39DA350025E693 /* Frameworks */,
				C8C72C1E2A39DA350025E693 /* Resources */,
				B7DB7766A9F540016EB5A24E /* [CP] Embed Pods Frameworks */,
				C8F2A8742A6A21CF0065314C /* ShellScript */,
			);
			buildRules = (
			);
			dependencies = (
			);
			name = Murmur;
			productName = Murmur;
			productReference = C8C4DD4D2A3AC1F60037B4F5 /* Murmur.app */;
			productType = "com.apple.product-type.application";
		};
/* End PBXNativeTarget section */

/* Begin PBXProject section */
		C8C72C182A39DA350025E693 /* Project object */ = {
			isa = PBXProject;
			attributes = {
				BuildIndependentTargetsInParallel = 1;
				LastSwiftUpdateCheck = 1430;
				LastUpgradeCheck = 1430;
				TargetAttributes = {
					C8C72C1F2A39DA350025E693 = {
						CreatedOnToolsVersion = 14.3;
					};
				};
			};
			buildConfigurationList = C8C72C1B2A39DA350025E693 /* Build configuration list for PBXProject "Murmur" */;
			compatibilityVersion = "Xcode 14.0";
			developmentRegion = en;
			hasScannedForEncodings = 0;
			knownRegions = (
				en,
				Base,
			);
			mainGroup = C8C72C172A39DA350025E693;
			productRefGroup = C8C72C172A39DA350025E693;
			projectDirPath = "";
			projectRoot = "";
			targets = (
				C8C72C1F2A39DA350025E693 /* Murmur */,
			);
		};
/* End PBXProject section */

/* Begin PBXResourcesBuildPhase section */
		C8C72C1E2A39DA350025E693 /* Resources */ = {
			isa = PBXResourcesBuildPhase;
			buildActionMask = 2147483647;
			files = (
				C8499F412A4009E00019D83F /* GoogleService-Info.plist in Resources */,
				C8CC5A882A54B1AF006E3C8D /* Pacman.json in Resources */,
				C8AE44C12A6055000058EDEF /* CaveatBrush-Regular.ttf in Resources */,
				C8C72C2D2A39DA360025E693 /* Assets.xcassets in Resources */,
				C8AE44C92A6062F90058EDEF /* LogoMessageTyping.json in Resources */,
				C8BA477B2A5D9FEF002D3ADC /* LogoMessageBorn.json in Resources */,
				C8212C5E2A5DB394006D2073 /* LogoNameFlash.json in Resources */,
				C8C72C2B2A39DA350025E693 /* Main.storyboard in Resources */,
				C8212C5C2A5DAFC1006D2073 /* LaunchScreen.storyboard in Resources */,
			);
			runOnlyForDeploymentPostprocessing = 0;
		};
/* End PBXResourcesBuildPhase section */

/* Begin PBXShellScriptBuildPhase section */
		B7DB7766A9F540016EB5A24E /* [CP] Embed Pods Frameworks */ = {
			isa = PBXShellScriptBuildPhase;
			buildActionMask = 2147483647;
			files = (
			);
			inputFileListPaths = (
				"${PODS_ROOT}/Target Support Files/Pods-Murmur/Pods-Murmur-frameworks-${CONFIGURATION}-input-files.xcfilelist",
			);
			name = "[CP] Embed Pods Frameworks";
			outputFileListPaths = (
				"${PODS_ROOT}/Target Support Files/Pods-Murmur/Pods-Murmur-frameworks-${CONFIGURATION}-output-files.xcfilelist",
			);
			runOnlyForDeploymentPostprocessing = 0;
			shellPath = /bin/sh;
			shellScript = "\"${PODS_ROOT}/Target Support Files/Pods-Murmur/Pods-Murmur-frameworks.sh\"\n";
			showEnvVarsInLog = 0;
		};
		C8F2A8742A6A21CF0065314C /* ShellScript */ = {
			isa = PBXShellScriptBuildPhase;
			buildActionMask = 12;
			files = (
			);
			inputFileListPaths = (
			);
			inputPaths = (
				"${DWARF_DSYM_FOLDER_PATH}/${DWARF_DSYM_FILE_NAME}/Contents/Resources/DWARF/${TARGET_NAME}",
				"$(SRCROOT)/$(BUILT_PRODUCTS_DIR)/$(INFOPLIST_PATH)",
			);
			outputFileListPaths = (
			);
			outputPaths = (
			);
			runOnlyForDeploymentPostprocessing = 0;
			shellPath = /bin/sh;
			shellScript = "\"${PODS_ROOT}/FirebaseCrashlytics/run\"\n";
		};
		C8FF94042A3AA49600B632EF /* ShellScript */ = {
			isa = PBXShellScriptBuildPhase;
			alwaysOutOfDate = 1;
			buildActionMask = 12;
			files = (
			);
			inputFileListPaths = (
			);
			inputPaths = (
			);
			outputFileListPaths = (
			);
			outputPaths = (
			);
			runOnlyForDeploymentPostprocessing = 0;
			shellPath = /bin/sh;
			shellScript = "# Type a script or drag a script file from your workspace to insert its path.\nif [[ \"$(uname -m)\" == arm64 ]]; then\n    export PATH=\"/opt/homebrew/bin:$PATH\"\nfi\n\nif which swiftlint > /dev/null; then\n  swiftlint\nelse\n  echo \"warning: SwiftLint not installed, download from https://github.com/realm/SwiftLint\"\nfi\n";
		};
		F748ACBFE787A5DC9AB88189 /* [CP] Check Pods Manifest.lock */ = {
			isa = PBXShellScriptBuildPhase;
			buildActionMask = 2147483647;
			files = (
			);
			inputFileListPaths = (
			);
			inputPaths = (
				"${PODS_PODFILE_DIR_PATH}/Podfile.lock",
				"${PODS_ROOT}/Manifest.lock",
			);
			name = "[CP] Check Pods Manifest.lock";
			outputFileListPaths = (
			);
			outputPaths = (
				"$(DERIVED_FILE_DIR)/Pods-Murmur-checkManifestLockResult.txt",
			);
			runOnlyForDeploymentPostprocessing = 0;
			shellPath = /bin/sh;
			shellScript = "diff \"${PODS_PODFILE_DIR_PATH}/Podfile.lock\" \"${PODS_ROOT}/Manifest.lock\" > /dev/null\nif [ $? != 0 ] ; then\n    # print error to STDERR\n    echo \"error: The sandbox is not in sync with the Podfile.lock. Run 'pod install' or update your CocoaPods installation.\" >&2\n    exit 1\nfi\n# This output is used by Xcode 'outputs' to avoid re-running this script phase.\necho \"SUCCESS\" > \"${SCRIPT_OUTPUT_FILE_0}\"\n";
			showEnvVarsInLog = 0;
		};
/* End PBXShellScriptBuildPhase section */

/* Begin PBXSourcesBuildPhase section */
		C8C72C1C2A39DA350025E693 /* Sources */ = {
			isa = PBXSourcesBuildPhase;
			buildActionMask = 2147483647;
			files = (
				C8AF2DBD2A415DE300B703E8 /* OtherUsersAnnotation.swift in Sources */,
				C8BA32052A5B3E9A00B47C06 /* ChatRoomBaseViewController2.swift in Sources */,
				C8F041F12A4B72E20044BE9C /* CALayer_Extension.swift in Sources */,
				C8859D922A59464B00C5B62A /* ProgressCircleView.swift in Sources */,
				C8BA477F2A5DA7B3002D3ADC /* LaunchScreenViewController.swift in Sources */,
				C8A6CBDB2A3D99B90089ED5C /* IdentifiablePlace.swift in Sources */,
				C8C4DD532A3AE4020037B4F5 /* ProfileViewController.swift in Sources */,
				C8CE20722A643A1D00448A99 /* TagCollectionViewFlowLayout.swift in Sources */,
				C8499F432A4093B60019D83F /* DialogAnnotationView.swift in Sources */,
				C8A0EF262A6391E400B79B16 /* PostTagCollectionReusableFooterView.swift in Sources */,
				C813439A2A47E5D700F685F8 /* UIViewController_Extension.swift in Sources */,
				C8CE20702A640FDE00448A99 /* TagCollecionCell1.swift in Sources */,
				C83CFAE62A6E5A78000AC6DB /* FirebaseManager.swift in Sources */,
				C8A9FD092A4FDEAD00FF6966 /* CustomNavigationController.swift in Sources */,
				C8C72C282A39DA350025E693 /* HomePageViewController.swift in Sources */,
				C8C3A0952A48342A000E967D /* UIView_Extension.swift in Sources */,
				C8BAE6DF2A45D57300ED6941 /* SearchBarTableHeaderView.swift in Sources */,
				C8F041EC2A4B41180044BE9C /* PostsCollectionViewCell.swift in Sources */,
				C8B0075C2A4ACD2800049FA0 /* PostsOfMurmursViewController.swift in Sources */,
				C8ABD8452A43FCA100B76ADC /* MessageTypeTextField.swift in Sources */,
				C8C72C242A39DA350025E693 /* AppDelegate.swift in Sources */,
				C8B007562A49EBE000049FA0 /* SegmentButtonTableViewCell.swift in Sources */,
				C8AC51242A53C95100EA58B9 /* SignUpEmailViewController.swift in Sources */,
				C8B627EC2A56C04E002327D5 /* newStore.swift in Sources */,
				C8C72C262A39DA350025E693 /* SceneDelegate.swift in Sources */,
				C8B007582A4AB37800049FA0 /* UILabel_Extension.swift in Sources */,
				C8AF2DB52A4145A300B703E8 /* OutsideMessageAnnotation.swift in Sources */,
				C8ABD8412A43EA1400B76ADC /* UserMeChatTableViewCell.swift in Sources */,
				C831F7C62A4592AA004A9A6F /* ChatViewController.swift in Sources */,
				C8CE206E2A63CFB500448A99 /* SelectedTagCollectionViewCell.swift in Sources */,
				C8ABD8432A43EA5800B76ADC /* UserTheOtherTableViewCell.swift in Sources */,
				C8AF2DB32A41430900B703E8 /* InsideMessageAnnotation.swift in Sources */,
				C8AC51282A53C9A700EA58B9 /* SignInViewController.swift in Sources */,
				C831F7C82A459CAC004A9A6F /* ChatRoomTableViewCell.swift in Sources */,
				C8212C602A5EBE6C006D2073 /* PostDetailsPopupView.swift in Sources */,
				C8AE775C2A3F0EE40027CB0D /* PostTagViewController.swift in Sources */,
				C8AE775E2A3F4D760027CB0D /* TagButton.swift in Sources */,
				C8F041EA2A4B3D6F0044BE9C /* FootPrintViewController.swift in Sources */,
				C8CABECC2A8779FB007947E0 /* ChatRoomPresentViewController.swift in Sources */,
				C8CC88C32A3D3FEE0090DD86 /* NearbyUsersViewController.swift in Sources */,
				C8FF7BD82A55543E00E18616 /* SelfSizingTableView.swift in Sources */,
				C8C7F4142A9A623D0011AD46 /* PopupViewController.swift in Sources */,
				C8A6CBDD2A3D9EA90089ED5C /* CustomAnnotationView.swift in Sources */,
				C8AF2DB72A414EB900B703E8 /* MeAnnotationView.swift in Sources */,
				C8AF2DBB2A415BBF00B703E8 /* OtherUsersAnnotationView.swift in Sources */,
				C8A0EF242A633A4300B79B16 /* PostTagCollectionReusableHeaderView.swift in Sources */,
				C8B0075A2A4AC52500049FA0 /* ProfileTableViewCell.swift in Sources */,
				C8C4DD4F2A3AE3C90037B4F5 /* ChatRoomViewController.swift in Sources */,
				C8ADBC292A3C6A730085BAD3 /* LocationMessageViewController.swift in Sources */,
				C8212C622A5EC4FC006D2073 /* TagCollectionViewCell.swift in Sources */,
				C8CEADD32A4F2772006163EB /* CustomTabBarController.swift in Sources */,
				C8ADDECB2A4D7A3E00C9069D /* UIColor_Extension.swift in Sources */,
				C8C4DD512A3AE3F30037B4F5 /* PostViewController.swift in Sources */,
				C8BAE6E22A464BE600ED6941 /* InitialViewController.swift in Sources */,
				C8B627EA2A56A309002327D5 /* TimeStamp_Extension.swift in Sources */,
				C82687442A4EC0F500237D68 /* SettingViewController.swift in Sources */,
				C8C55F9C2A48A9CA00FAE03E /* ChatRoomBaseViewController.swift in Sources */,
				C8AC51262A53C97100EA58B9 /* SignUpNickNameViewController.swift in Sources */,
				C8120E552A6CCB640060D883 /* HighlightButton.swift in Sources */,
				C8F5B3152A41B6E200478D2E /* MeAnnotation.swift in Sources */,
				C840F45B2A3F6F7B000604E6 /* FirebaseModel.swift in Sources */,
				C8F041EE2A4B49310044BE9C /* ScrollTableViewCell.swift in Sources */,
				C8B51EA02A959B4900114462 /* UITabBar_Extension.swift in Sources */,
			);
			runOnlyForDeploymentPostprocessing = 0;
		};
/* End PBXSourcesBuildPhase section */

/* Begin PBXVariantGroup section */
		C8C72C292A39DA350025E693 /* Main.storyboard */ = {
			isa = PBXVariantGroup;
			children = (
				C8C72C2A2A39DA350025E693 /* Base */,
			);
			name = Main.storyboard;
			sourceTree = "<group>";
		};
/* End PBXVariantGroup section */

/* Begin XCBuildConfiguration section */
		C8C72C322A39DA360025E693 /* Debug */ = {
			isa = XCBuildConfiguration;
			buildSettings = {
				ALWAYS_SEARCH_USER_PATHS = NO;
				CLANG_ANALYZER_NONNULL = YES;
				CLANG_ANALYZER_NUMBER_OBJECT_CONVERSION = YES_AGGRESSIVE;
				CLANG_CXX_LANGUAGE_STANDARD = "gnu++20";
				CLANG_ENABLE_MODULES = YES;
				CLANG_ENABLE_OBJC_ARC = YES;
				CLANG_ENABLE_OBJC_WEAK = YES;
				CLANG_WARN_BLOCK_CAPTURE_AUTORELEASING = YES;
				CLANG_WARN_BOOL_CONVERSION = YES;
				CLANG_WARN_COMMA = YES;
				CLANG_WARN_CONSTANT_CONVERSION = YES;
				CLANG_WARN_DEPRECATED_OBJC_IMPLEMENTATIONS = YES;
				CLANG_WARN_DIRECT_OBJC_ISA_USAGE = YES_ERROR;
				CLANG_WARN_DOCUMENTATION_COMMENTS = YES;
				CLANG_WARN_EMPTY_BODY = YES;
				CLANG_WARN_ENUM_CONVERSION = YES;
				CLANG_WARN_INFINITE_RECURSION = YES;
				CLANG_WARN_INT_CONVERSION = YES;
				CLANG_WARN_NON_LITERAL_NULL_CONVERSION = YES;
				CLANG_WARN_OBJC_IMPLICIT_RETAIN_SELF = YES;
				CLANG_WARN_OBJC_LITERAL_CONVERSION = YES;
				CLANG_WARN_OBJC_ROOT_CLASS = YES_ERROR;
				CLANG_WARN_QUOTED_INCLUDE_IN_FRAMEWORK_HEADER = YES;
				CLANG_WARN_RANGE_LOOP_ANALYSIS = YES;
				CLANG_WARN_STRICT_PROTOTYPES = YES;
				CLANG_WARN_SUSPICIOUS_MOVE = YES;
				CLANG_WARN_UNGUARDED_AVAILABILITY = YES_AGGRESSIVE;
				CLANG_WARN_UNREACHABLE_CODE = YES;
				CLANG_WARN__DUPLICATE_METHOD_MATCH = YES;
				COPY_PHASE_STRIP = NO;
				DEBUG_INFORMATION_FORMAT = "dwarf-with-dsym";
				ENABLE_STRICT_OBJC_MSGSEND = YES;
				ENABLE_TESTABILITY = YES;
				GCC_C_LANGUAGE_STANDARD = gnu11;
				GCC_DYNAMIC_NO_PIC = NO;
				GCC_NO_COMMON_BLOCKS = YES;
				GCC_OPTIMIZATION_LEVEL = 0;
				GCC_PREPROCESSOR_DEFINITIONS = (
					"DEBUG=1",
					"$(inherited)",
				);
				GCC_WARN_64_TO_32_BIT_CONVERSION = YES;
				GCC_WARN_ABOUT_RETURN_TYPE = YES_ERROR;
				GCC_WARN_UNDECLARED_SELECTOR = YES;
				GCC_WARN_UNINITIALIZED_AUTOS = YES_AGGRESSIVE;
				GCC_WARN_UNUSED_FUNCTION = YES;
				GCC_WARN_UNUSED_VARIABLE = YES;
				IPHONEOS_DEPLOYMENT_TARGET = 16.0;
				MTL_ENABLE_DEBUG_INFO = INCLUDE_SOURCE;
				MTL_FAST_MATH = YES;
				ONLY_ACTIVE_ARCH = YES;
				SDKROOT = iphoneos;
				SWIFT_ACTIVE_COMPILATION_CONDITIONS = DEBUG;
				SWIFT_OPTIMIZATION_LEVEL = "-Onone";
			};
			name = Debug;
		};
		C8C72C332A39DA360025E693 /* Release */ = {
			isa = XCBuildConfiguration;
			buildSettings = {
				ALWAYS_SEARCH_USER_PATHS = NO;
				CLANG_ANALYZER_NONNULL = YES;
				CLANG_ANALYZER_NUMBER_OBJECT_CONVERSION = YES_AGGRESSIVE;
				CLANG_CXX_LANGUAGE_STANDARD = "gnu++20";
				CLANG_ENABLE_MODULES = YES;
				CLANG_ENABLE_OBJC_ARC = YES;
				CLANG_ENABLE_OBJC_WEAK = YES;
				CLANG_WARN_BLOCK_CAPTURE_AUTORELEASING = YES;
				CLANG_WARN_BOOL_CONVERSION = YES;
				CLANG_WARN_COMMA = YES;
				CLANG_WARN_CONSTANT_CONVERSION = YES;
				CLANG_WARN_DEPRECATED_OBJC_IMPLEMENTATIONS = YES;
				CLANG_WARN_DIRECT_OBJC_ISA_USAGE = YES_ERROR;
				CLANG_WARN_DOCUMENTATION_COMMENTS = YES;
				CLANG_WARN_EMPTY_BODY = YES;
				CLANG_WARN_ENUM_CONVERSION = YES;
				CLANG_WARN_INFINITE_RECURSION = YES;
				CLANG_WARN_INT_CONVERSION = YES;
				CLANG_WARN_NON_LITERAL_NULL_CONVERSION = YES;
				CLANG_WARN_OBJC_IMPLICIT_RETAIN_SELF = YES;
				CLANG_WARN_OBJC_LITERAL_CONVERSION = YES;
				CLANG_WARN_OBJC_ROOT_CLASS = YES_ERROR;
				CLANG_WARN_QUOTED_INCLUDE_IN_FRAMEWORK_HEADER = YES;
				CLANG_WARN_RANGE_LOOP_ANALYSIS = YES;
				CLANG_WARN_STRICT_PROTOTYPES = YES;
				CLANG_WARN_SUSPICIOUS_MOVE = YES;
				CLANG_WARN_UNGUARDED_AVAILABILITY = YES_AGGRESSIVE;
				CLANG_WARN_UNREACHABLE_CODE = YES;
				CLANG_WARN__DUPLICATE_METHOD_MATCH = YES;
				COPY_PHASE_STRIP = NO;
				DEBUG_INFORMATION_FORMAT = "dwarf-with-dsym";
				ENABLE_NS_ASSERTIONS = NO;
				ENABLE_STRICT_OBJC_MSGSEND = YES;
				GCC_C_LANGUAGE_STANDARD = gnu11;
				GCC_NO_COMMON_BLOCKS = YES;
				GCC_WARN_64_TO_32_BIT_CONVERSION = YES;
				GCC_WARN_ABOUT_RETURN_TYPE = YES_ERROR;
				GCC_WARN_UNDECLARED_SELECTOR = YES;
				GCC_WARN_UNINITIALIZED_AUTOS = YES_AGGRESSIVE;
				GCC_WARN_UNUSED_FUNCTION = YES;
				GCC_WARN_UNUSED_VARIABLE = YES;
				IPHONEOS_DEPLOYMENT_TARGET = 16.0;
				MTL_ENABLE_DEBUG_INFO = NO;
				MTL_FAST_MATH = YES;
				SDKROOT = iphoneos;
				SWIFT_COMPILATION_MODE = wholemodule;
				SWIFT_OPTIMIZATION_LEVEL = "-O";
				VALIDATE_PRODUCT = YES;
			};
			name = Release;
		};
		C8C72C352A39DA360025E693 /* Debug */ = {
			isa = XCBuildConfiguration;
			baseConfigurationReference = E9C8B595076B3945BA1BAAC2 /* Pods-Murmur.debug.xcconfig */;
			buildSettings = {
				ASSETCATALOG_COMPILER_APPICON_NAME = AppIcon;
				ASSETCATALOG_COMPILER_GLOBAL_ACCENT_COLOR_NAME = AccentColor;
				CODE_SIGN_ENTITLEMENTS = Murmur/MurmurDebug.entitlements;
				CODE_SIGN_STYLE = Automatic;
				CURRENT_PROJECT_VERSION = 1;
				DEBUG_INFORMATION_FORMAT = dwarf;
				DEVELOPMENT_TEAM = 8MUTKC7BV7;
				GENERATE_INFOPLIST_FILE = YES;
				INFOPLIST_FILE = Murmur/Info.plist;
				INFOPLIST_KEY_NSCameraUsageDescription = "Access to the camera allows you to take photos for Murmur posts or profile.";
				INFOPLIST_KEY_NSLocationAlwaysAndWhenInUseUsageDescription = "Your location lets us show the Murmur posts and users nearby.";
				INFOPLIST_KEY_NSLocationWhenInUseUsageDescription = "Your location lets us show the Murmur posts and users nearby.";
				INFOPLIST_KEY_NSPhotoLibraryAddUsageDescription = "Allow photo access to choose photos for Murmur posts or custom settings";
				INFOPLIST_KEY_NSPhotoLibraryUsageDescription = "Allow photo access to choose photos for Murmur posts or custom settings";
				INFOPLIST_KEY_UIApplicationSupportsIndirectInputEvents = YES;
				INFOPLIST_KEY_UILaunchStoryboardName = "";
				INFOPLIST_KEY_UIMainStoryboardFile = Main;
				INFOPLIST_KEY_UIRequiresFullScreen = YES;
				INFOPLIST_KEY_UIStatusBarStyle = "";
				INFOPLIST_KEY_UISupportedInterfaceOrientations = "UIInterfaceOrientationLandscapeLeft UIInterfaceOrientationLandscapeRight UIInterfaceOrientationPortrait UIInterfaceOrientationPortraitUpsideDown";
				IPHONEOS_DEPLOYMENT_TARGET = 16.0;
				LD_RUNPATH_SEARCH_PATHS = (
					"$(inherited)",
					"@executable_path/Frameworks",
				);
				MARKETING_VERSION = 1.0;
				PRODUCT_BUNDLE_IDENTIFIER = cleopatra.Murmur;
				PRODUCT_NAME = "$(TARGET_NAME)";
				SUPPORTED_PLATFORMS = "iphoneos iphonesimulator";
				SUPPORTS_MACCATALYST = NO;
				SUPPORTS_MAC_DESIGNED_FOR_IPHONE_IPAD = NO;
				SWIFT_EMIT_LOC_STRINGS = YES;
				SWIFT_VERSION = 5.0;
				TARGETED_DEVICE_FAMILY = 1;
			};
			name = Debug;
		};
		C8C72C362A39DA360025E693 /* Release */ = {
			isa = XCBuildConfiguration;
			baseConfigurationReference = D51D7A4E17E030FDC9A09813 /* Pods-Murmur.release.xcconfig */;
			buildSettings = {
				ASSETCATALOG_COMPILER_APPICON_NAME = AppIcon;
				ASSETCATALOG_COMPILER_GLOBAL_ACCENT_COLOR_NAME = AccentColor;
				CODE_SIGN_ENTITLEMENTS = Murmur/MurmurRelease.entitlements;
				CODE_SIGN_STYLE = Automatic;
				CURRENT_PROJECT_VERSION = 1;
				DEVELOPMENT_TEAM = 8MUTKC7BV7;
				GENERATE_INFOPLIST_FILE = YES;
				INFOPLIST_FILE = Murmur/Info.plist;
				INFOPLIST_KEY_NSCameraUsageDescription = "Access to the camera allows you to take photos for Murmur posts or profile.";
				INFOPLIST_KEY_NSLocationAlwaysAndWhenInUseUsageDescription = "Your location lets us show the Murmur posts and users nearby.";
				INFOPLIST_KEY_NSLocationWhenInUseUsageDescription = "Your location lets us show the Murmur posts and users nearby.";
				INFOPLIST_KEY_NSPhotoLibraryAddUsageDescription = "Allow photo access to choose photos for Murmur posts or custom settings";
				INFOPLIST_KEY_NSPhotoLibraryUsageDescription = "Allow photo access to choose photos for Murmur posts or custom settings";
				INFOPLIST_KEY_UIApplicationSupportsIndirectInputEvents = YES;
				INFOPLIST_KEY_UILaunchStoryboardName = "";
				INFOPLIST_KEY_UIMainStoryboardFile = Main;
				INFOPLIST_KEY_UIRequiresFullScreen = YES;
				INFOPLIST_KEY_UIStatusBarStyle = "";
				INFOPLIST_KEY_UISupportedInterfaceOrientations = "UIInterfaceOrientationLandscapeLeft UIInterfaceOrientationLandscapeRight UIInterfaceOrientationPortrait UIInterfaceOrientationPortraitUpsideDown";
				IPHONEOS_DEPLOYMENT_TARGET = 16.0;
				LD_RUNPATH_SEARCH_PATHS = (
					"$(inherited)",
					"@executable_path/Frameworks",
				);
				MARKETING_VERSION = 1.0;
				PRODUCT_BUNDLE_IDENTIFIER = cleopatra.Murmur;
				PRODUCT_NAME = "$(TARGET_NAME)";
				SUPPORTED_PLATFORMS = "iphoneos iphonesimulator";
				SUPPORTS_MACCATALYST = NO;
				SUPPORTS_MAC_DESIGNED_FOR_IPHONE_IPAD = NO;
				SWIFT_EMIT_LOC_STRINGS = YES;
				SWIFT_VERSION = 5.0;
				TARGETED_DEVICE_FAMILY = 1;
			};
			name = Release;
		};
/* End XCBuildConfiguration section */

/* Begin XCConfigurationList section */
		C8C72C1B2A39DA350025E693 /* Build configuration list for PBXProject "Murmur" */ = {
			isa = XCConfigurationList;
			buildConfigurations = (
				C8C72C322A39DA360025E693 /* Debug */,
				C8C72C332A39DA360025E693 /* Release */,
			);
			defaultConfigurationIsVisible = 0;
			defaultConfigurationName = Release;
		};
		C8C72C342A39DA360025E693 /* Build configuration list for PBXNativeTarget "Murmur" */ = {
			isa = XCConfigurationList;
			buildConfigurations = (
				C8C72C352A39DA360025E693 /* Debug */,
				C8C72C362A39DA360025E693 /* Release */,
			);
			defaultConfigurationIsVisible = 0;
			defaultConfigurationName = Release;
		};
/* End XCConfigurationList section */
	};
	rootObject = C8C72C182A39DA350025E693 /* Project object */;
}
